// !$*UTF8*$!
{
	archiveVersion = 1;
	classes = {
	};
	objectVersion = 55;
	objects = {

/* Begin PBXBuildFile section */
		9D037C972AB5F604002B2638 /* ProcModHFEnhance.cpp in Sources */ = {isa = PBXBuildFile; fileRef = 9D037C962AB5F604002B2638 /* ProcModHFEnhance.cpp */; };
		9D037C982AB5F723002B2638 /* ProcModHFEnhance.cpp in Sources */ = {isa = PBXBuildFile; fileRef = 9D037C962AB5F604002B2638 /* ProcModHFEnhance.cpp */; };
		9D037C9B2AB60617002B2638 /* filter_3rdorder.cpp in Sources */ = {isa = PBXBuildFile; fileRef = 9D037C992AB60617002B2638 /* filter_3rdorder.cpp */; };
		9D037C9E2AB6098B002B2638 /* filter_el.cpp in Sources */ = {isa = PBXBuildFile; fileRef = 9D037C9C2AB6098A002B2638 /* filter_el.cpp */; };
		9D281A9229E05F57009CF125 /* SignalGenerator.m in Sources */ = {isa = PBXBuildFile; fileRef = 9D281A9129E05F57009CF125 /* SignalGenerator.m */; };
		9D281A9329E05F57009CF125 /* SignalGenerator.m in Sources */ = {isa = PBXBuildFile; fileRef = 9D281A9129E05F57009CF125 /* SignalGenerator.m */; };
		9D281A9429E05F57009CF125 /* SignalGenerator.m in Sources */ = {isa = PBXBuildFile; fileRef = 9D281A9129E05F57009CF125 /* SignalGenerator.m */; };
		9D281A9929E1C5B5009CF125 /* AudioDeviceSelector.m in Sources */ = {isa = PBXBuildFile; fileRef = 9D281A9729E1C5B5009CF125 /* AudioDeviceSelector.m */; };
		9D281A9A29E1C5B5009CF125 /* AudioDeviceSelector.m in Sources */ = {isa = PBXBuildFile; fileRef = 9D281A9729E1C5B5009CF125 /* AudioDeviceSelector.m */; };
		9D281A9B29E1C5B5009CF125 /* AudioDeviceSelector.m in Sources */ = {isa = PBXBuildFile; fileRef = 9D281A9729E1C5B5009CF125 /* AudioDeviceSelector.m */; };
		9D281A9C29E1C5B5009CF125 /* AudioDeviceSelector.xib in Resources */ = {isa = PBXBuildFile; fileRef = 9D281A9829E1C5B5009CF125 /* AudioDeviceSelector.xib */; };
		9D281A9D29E1C5B5009CF125 /* AudioDeviceSelector.xib in Resources */ = {isa = PBXBuildFile; fileRef = 9D281A9829E1C5B5009CF125 /* AudioDeviceSelector.xib */; };
		9D281A9E29E1C5B5009CF125 /* AudioDeviceSelector.xib in Resources */ = {isa = PBXBuildFile; fileRef = 9D281A9829E1C5B5009CF125 /* AudioDeviceSelector.xib */; };
		9D3A20672A9562A800C7C620 /* CompressionMeter.m in Sources */ = {isa = PBXBuildFile; fileRef = 9D3A20662A9562A800C7C620 /* CompressionMeter.m */; };
		9D3A20682A9562A800C7C620 /* CompressionMeter.m in Sources */ = {isa = PBXBuildFile; fileRef = 9D3A20662A9562A800C7C620 /* CompressionMeter.m */; };
		9D3A20692A9562A800C7C620 /* CompressionMeter.m in Sources */ = {isa = PBXBuildFile; fileRef = 9D3A20662A9562A800C7C620 /* CompressionMeter.m */; };
		9D3ED8622AFFF65D008283FC /* AGCControlsView.m in Sources */ = {isa = PBXBuildFile; fileRef = 9D3ED8602AFFF65C008283FC /* AGCControlsView.m */; };
		9D3ED8632AFFF65D008283FC /* AGCControlsView.m in Sources */ = {isa = PBXBuildFile; fileRef = 9D3ED8602AFFF65C008283FC /* AGCControlsView.m */; };
		9D3ED8642AFFF65D008283FC /* AGCControlsView.m in Sources */ = {isa = PBXBuildFile; fileRef = 9D3ED8602AFFF65C008283FC /* AGCControlsView.m */; };
		9D3ED8652AFFF65D008283FC /* AGCControlsView.xib in Resources */ = {isa = PBXBuildFile; fileRef = 9D3ED8612AFFF65C008283FC /* AGCControlsView.xib */; };
		9D3ED8662AFFF65D008283FC /* AGCControlsView.xib in Resources */ = {isa = PBXBuildFile; fileRef = 9D3ED8612AFFF65C008283FC /* AGCControlsView.xib */; };
		9D3ED8672AFFF65D008283FC /* AGCControlsView.xib in Resources */ = {isa = PBXBuildFile; fileRef = 9D3ED8612AFFF65C008283FC /* AGCControlsView.xib */; };
		9D43EA592C3907DB00C9B45B /* MultibandObjectController.m in Sources */ = {isa = PBXBuildFile; fileRef = 9D43EA582C3907DB00C9B45B /* MultibandObjectController.m */; };
		9D43EA5A2C3907DB00C9B45B /* MultibandObjectController.m in Sources */ = {isa = PBXBuildFile; fileRef = 9D43EA582C3907DB00C9B45B /* MultibandObjectController.m */; };
		9D43EA5B2C3907DB00C9B45B /* MultibandObjectController.m in Sources */ = {isa = PBXBuildFile; fileRef = 9D43EA582C3907DB00C9B45B /* MultibandObjectController.m */; };
		9D4517C72A9D89AD003BC1EB /* MultibandControlsView.m in Sources */ = {isa = PBXBuildFile; fileRef = 9D4517C52A9D89AD003BC1EB /* MultibandControlsView.m */; };
		9D4517C82A9D89AD003BC1EB /* MultibandControlsView.m in Sources */ = {isa = PBXBuildFile; fileRef = 9D4517C52A9D89AD003BC1EB /* MultibandControlsView.m */; };
		9D4517C92A9D89AD003BC1EB /* MultibandControlsView.m in Sources */ = {isa = PBXBuildFile; fileRef = 9D4517C52A9D89AD003BC1EB /* MultibandControlsView.m */; };
		9D4517CA2A9D89AD003BC1EB /* MultibandControlsView.xib in Resources */ = {isa = PBXBuildFile; fileRef = 9D4517C62A9D89AD003BC1EB /* MultibandControlsView.xib */; };
		9D4517CB2A9D89AD003BC1EB /* MultibandControlsView.xib in Resources */ = {isa = PBXBuildFile; fileRef = 9D4517C62A9D89AD003BC1EB /* MultibandControlsView.xib */; };
		9D4517CC2A9D89AD003BC1EB /* MultibandControlsView.xib in Resources */ = {isa = PBXBuildFile; fileRef = 9D4517C62A9D89AD003BC1EB /* MultibandControlsView.xib */; };
		9D54D8B02ADC2F85006C3F57 /* ProcModDelay.cpp in Sources */ = {isa = PBXBuildFile; fileRef = 9D54D8AF2ADC2F85006C3F57 /* ProcModDelay.cpp */; };
		9D54D8B12ADC2F85006C3F57 /* ProcModDelay.cpp in Sources */ = {isa = PBXBuildFile; fileRef = 9D54D8AF2ADC2F85006C3F57 /* ProcModDelay.cpp */; };
		9D5C638829D8E5D600E40A60 /* SignalGeneratorEngine.cpp in Sources */ = {isa = PBXBuildFile; fileRef = 9D5C638629D8E5D600E40A60 /* SignalGeneratorEngine.cpp */; };
		9D5C638929D8E5D600E40A60 /* SignalGeneratorEngine.cpp in Sources */ = {isa = PBXBuildFile; fileRef = 9D5C638629D8E5D600E40A60 /* SignalGeneratorEngine.cpp */; };
		9D5C638A29D8E5D600E40A60 /* SignalGeneratorEngine.cpp in Sources */ = {isa = PBXBuildFile; fileRef = 9D5C638629D8E5D600E40A60 /* SignalGeneratorEngine.cpp */; };
		9D5C638C29D9FF5400E40A60 /* SignalGeneratorEngineWrapper.mm in Sources */ = {isa = PBXBuildFile; fileRef = 9D5C638B29D9FF5400E40A60 /* SignalGeneratorEngineWrapper.mm */; };
		9D5C638D29D9FF5400E40A60 /* SignalGeneratorEngineWrapper.mm in Sources */ = {isa = PBXBuildFile; fileRef = 9D5C638B29D9FF5400E40A60 /* SignalGeneratorEngineWrapper.mm */; };
		9D5C638E29D9FF5400E40A60 /* SignalGeneratorEngineWrapper.mm in Sources */ = {isa = PBXBuildFile; fileRef = 9D5C638B29D9FF5400E40A60 /* SignalGeneratorEngineWrapper.mm */; };
		9D5C639429DA5DE200E40A60 /* SignalGeneratorViewController.m in Sources */ = {isa = PBXBuildFile; fileRef = 9D5C639229DA5DE200E40A60 /* SignalGeneratorViewController.m */; };
		9D5C639529DA5DE200E40A60 /* SignalGeneratorViewController.m in Sources */ = {isa = PBXBuildFile; fileRef = 9D5C639229DA5DE200E40A60 /* SignalGeneratorViewController.m */; };
		9D5C639629DA5DE200E40A60 /* SignalGeneratorViewController.m in Sources */ = {isa = PBXBuildFile; fileRef = 9D5C639229DA5DE200E40A60 /* SignalGeneratorViewController.m */; };
		9D5C639729DA5DE200E40A60 /* SignalGeneratorViewController.xib in Resources */ = {isa = PBXBuildFile; fileRef = 9D5C639329DA5DE200E40A60 /* SignalGeneratorViewController.xib */; };
		9D5C639829DA5DE200E40A60 /* SignalGeneratorViewController.xib in Resources */ = {isa = PBXBuildFile; fileRef = 9D5C639329DA5DE200E40A60 /* SignalGeneratorViewController.xib */; };
		9D5C639929DA5DE200E40A60 /* SignalGeneratorViewController.xib in Resources */ = {isa = PBXBuildFile; fileRef = 9D5C639329DA5DE200E40A60 /* SignalGeneratorViewController.xib */; };
		9D6392DC2C8921A000F52366 /* ProcModBassClipper.cpp in Sources */ = {isa = PBXBuildFile; fileRef = 9D6392DB2C8921A000F52366 /* ProcModBassClipper.cpp */; };
		9D6392DD2C8921A000F52366 /* ProcModBassClipper.cpp in Sources */ = {isa = PBXBuildFile; fileRef = 9D6392DB2C8921A000F52366 /* ProcModBassClipper.cpp */; };
		9D6392DE2C8921A000F52366 /* ProcModBassClipper.cpp in Sources */ = {isa = PBXBuildFile; fileRef = 9D6392DB2C8921A000F52366 /* ProcModBassClipper.cpp */; };
		9D81E9B32A5B2CC6007D46EF /* ProcessorModule.cpp in Sources */ = {isa = PBXBuildFile; fileRef = 9D81E9B12A5B2CC6007D46EF /* ProcessorModule.cpp */; };
		9D81E9B42A5B2CC6007D46EF /* ProcessorModule.cpp in Sources */ = {isa = PBXBuildFile; fileRef = 9D81E9B12A5B2CC6007D46EF /* ProcessorModule.cpp */; };
		9D81E9B52A5B2CC6007D46EF /* ProcessorModule.cpp in Sources */ = {isa = PBXBuildFile; fileRef = 9D81E9B12A5B2CC6007D46EF /* ProcessorModule.cpp */; };
		9D81E9B82A5B2D70007D46EF /* ProcModLevelMeter.cpp in Sources */ = {isa = PBXBuildFile; fileRef = 9D81E9B62A5B2D70007D46EF /* ProcModLevelMeter.cpp */; };
		9D81E9B92A5B2D70007D46EF /* ProcModLevelMeter.cpp in Sources */ = {isa = PBXBuildFile; fileRef = 9D81E9B62A5B2D70007D46EF /* ProcModLevelMeter.cpp */; };
		9D81E9BA2A5B2D70007D46EF /* ProcModLevelMeter.cpp in Sources */ = {isa = PBXBuildFile; fileRef = 9D81E9B62A5B2D70007D46EF /* ProcModLevelMeter.cpp */; };
		9D86506D2D43604400F32A87 /* simple_gain.cpp in Sources */ = {isa = PBXBuildFile; fileRef = 9D86506B2D43604400F32A87 /* simple_gain.cpp */; };
		9D86506E2D43604400F32A87 /* simple_gain.cpp in Sources */ = {isa = PBXBuildFile; fileRef = 9D86506B2D43604400F32A87 /* simple_gain.cpp */; };
		9D86506F2D43604400F32A87 /* simple_gain.cpp in Sources */ = {isa = PBXBuildFile; fileRef = 9D86506B2D43604400F32A87 /* simple_gain.cpp */; };
		9D86ADF42C9DD7330025B964 /* ProcModLookaheadLimiter.cpp in Sources */ = {isa = PBXBuildFile; fileRef = 9D86ADF32C9DD7330025B964 /* ProcModLookaheadLimiter.cpp */; };
		9D86ADF52C9DD7330025B964 /* ProcModLookaheadLimiter.cpp in Sources */ = {isa = PBXBuildFile; fileRef = 9D86ADF32C9DD7330025B964 /* ProcModLookaheadLimiter.cpp */; };
		9D86ADF62C9DD7330025B964 /* ProcModLookaheadLimiter.cpp in Sources */ = {isa = PBXBuildFile; fileRef = 9D86ADF32C9DD7330025B964 /* ProcModLookaheadLimiter.cpp */; };
		9D8EC53F2A8B1901006C1E09 /* ProcModStereoEnhance.cpp in Sources */ = {isa = PBXBuildFile; fileRef = 9D8EC53E2A8B1901006C1E09 /* ProcModStereoEnhance.cpp */; };
		9D8EC5402A8B1901006C1E09 /* ProcModStereoEnhance.cpp in Sources */ = {isa = PBXBuildFile; fileRef = 9D8EC53E2A8B1901006C1E09 /* ProcModStereoEnhance.cpp */; };
		9D8EC5462A8BFFA0006C1E09 /* vca.cpp in Sources */ = {isa = PBXBuildFile; fileRef = 9D8EC5442A8BFFA0006C1E09 /* vca.cpp */; };
		9D8EC5492A8C5A86006C1E09 /* vca_proportional.cpp in Sources */ = {isa = PBXBuildFile; fileRef = 9D8EC5482A8C5A86006C1E09 /* vca_proportional.cpp */; };
		9D9806D529EB849200B98415 /* ProcessorCore.cpp in Sources */ = {isa = PBXBuildFile; fileRef = 9D9806D329EB849200B98415 /* ProcessorCore.cpp */; };
		9D9806D629EB849200B98415 /* ProcessorCore.cpp in Sources */ = {isa = PBXBuildFile; fileRef = 9D9806D329EB849200B98415 /* ProcessorCore.cpp */; };
		9D98C7C929FC579E00586A86 /* ProcessorCoreWrapper.mm in Sources */ = {isa = PBXBuildFile; fileRef = 9D98C7C829FC579E00586A86 /* ProcessorCoreWrapper.mm */; };
		9D98C7CA29FC579E00586A86 /* ProcessorCoreWrapper.mm in Sources */ = {isa = PBXBuildFile; fileRef = 9D98C7C829FC579E00586A86 /* ProcessorCoreWrapper.mm */; };
		9D98C7CB29FC579E00586A86 /* ProcessorCoreWrapper.mm in Sources */ = {isa = PBXBuildFile; fileRef = 9D98C7C829FC579E00586A86 /* ProcessorCoreWrapper.mm */; };
		9DA7C1292A5E4D4700A01D92 /* LPFSinglePole.cpp in Sources */ = {isa = PBXBuildFile; fileRef = 9DA7C1272A5E4D4700A01D92 /* LPFSinglePole.cpp */; };
		9DA7C12A2A5E4D4700A01D92 /* LPFSinglePole.cpp in Sources */ = {isa = PBXBuildFile; fileRef = 9DA7C1272A5E4D4700A01D92 /* LPFSinglePole.cpp */; };
		9DA7C12B2A5E4D4700A01D92 /* LPFSinglePole.cpp in Sources */ = {isa = PBXBuildFile; fileRef = 9DA7C1272A5E4D4700A01D92 /* LPFSinglePole.cpp */; };
		9DB012882A71C376009BFCD8 /* CircularBuffer.cpp in Sources */ = {isa = PBXBuildFile; fileRef = 9DB012862A71C376009BFCD8 /* CircularBuffer.cpp */; };
		9DB012892A71C376009BFCD8 /* CircularBuffer.cpp in Sources */ = {isa = PBXBuildFile; fileRef = 9DB012862A71C376009BFCD8 /* CircularBuffer.cpp */; };
		9DB0128A2A71C376009BFCD8 /* CircularBuffer.cpp in Sources */ = {isa = PBXBuildFile; fileRef = 9DB012862A71C376009BFCD8 /* CircularBuffer.cpp */; };
		9DB46A9A2D416328005E238E /* compressor.cpp in Sources */ = {isa = PBXBuildFile; fileRef = 9DB46A982D416328005E238E /* compressor.cpp */; };
		9DB46A9B2D416328005E238E /* compressor.cpp in Sources */ = {isa = PBXBuildFile; fileRef = 9DB46A982D416328005E238E /* compressor.cpp */; };
		9DB46A9C2D416328005E238E /* compressor.cpp in Sources */ = {isa = PBXBuildFile; fileRef = 9DB46A982D416328005E238E /* compressor.cpp */; };
		9DB4B10E2BAF3C2600F9C076 /* Patchbay.xib in Resources */ = {isa = PBXBuildFile; fileRef = 9DB4B10D2BAF3C2600F9C076 /* Patchbay.xib */; };
		9DB4B10F2BAF3C2600F9C076 /* Patchbay.xib in Resources */ = {isa = PBXBuildFile; fileRef = 9DB4B10D2BAF3C2600F9C076 /* Patchbay.xib */; };
		9DB4B1112BAF3CFE00F9C076 /* Patchbay.m in Sources */ = {isa = PBXBuildFile; fileRef = 9DB4B1102BAF3CFE00F9C076 /* Patchbay.m */; };
		9DB4B1122BAF3CFE00F9C076 /* Patchbay.m in Sources */ = {isa = PBXBuildFile; fileRef = 9DB4B1102BAF3CFE00F9C076 /* Patchbay.m */; };
		9DB7A12829D7949D002E6F4E /* AppDelegate.m in Sources */ = {isa = PBXBuildFile; fileRef = 9DB7A12729D7949D002E6F4E /* AppDelegate.m */; };
		9DB7A12A29D7949E002E6F4E /* Assets.xcassets in Resources */ = {isa = PBXBuildFile; fileRef = 9DB7A12929D7949E002E6F4E /* Assets.xcassets */; };
		9DB7A12D29D7949E002E6F4E /* MainMenu.xib in Resources */ = {isa = PBXBuildFile; fileRef = 9DB7A12B29D7949E002E6F4E /* MainMenu.xib */; };
		9DB7A12F29D7949E002E6F4E /* main.m in Sources */ = {isa = PBXBuildFile; fileRef = 9DB7A12E29D7949E002E6F4E /* main.m */; };
		9DB7A13A29D7949E002E6F4E /* MacSmoovTests.m in Sources */ = {isa = PBXBuildFile; fileRef = 9DB7A13929D7949E002E6F4E /* MacSmoovTests.m */; };
		9DB7A14429D7949F002E6F4E /* MacSmoovUITests.m in Sources */ = {isa = PBXBuildFile; fileRef = 9DB7A14329D7949F002E6F4E /* MacSmoovUITests.m */; };
		9DB7A14629D7949F002E6F4E /* MacSmoovUITestsLaunchTests.m in Sources */ = {isa = PBXBuildFile; fileRef = 9DB7A14529D7949F002E6F4E /* MacSmoovUITestsLaunchTests.m */; };
		9DC11C7B2BCACCE000263F73 /* CoreConfig.cpp in Sources */ = {isa = PBXBuildFile; fileRef = 9DC11C7A2BCACCE000263F73 /* CoreConfig.cpp */; };
		9DC11C7C2BCACCE000263F73 /* CoreConfig.cpp in Sources */ = {isa = PBXBuildFile; fileRef = 9DC11C7A2BCACCE000263F73 /* CoreConfig.cpp */; };
		9DC11C7F2BCAF8C200263F73 /* CoreStack.cpp in Sources */ = {isa = PBXBuildFile; fileRef = 9DC11C7D2BCAF8C200263F73 /* CoreStack.cpp */; };
		9DC11C802BCAF8C200263F73 /* CoreStack.cpp in Sources */ = {isa = PBXBuildFile; fileRef = 9DC11C7D2BCAF8C200263F73 /* CoreStack.cpp */; };
		9DC11C832BCAFFC300263F73 /* channel_map.cpp in Sources */ = {isa = PBXBuildFile; fileRef = 9DC11C812BCAFFC300263F73 /* channel_map.cpp */; };
		9DC11C842BCAFFC300263F73 /* channel_map.cpp in Sources */ = {isa = PBXBuildFile; fileRef = 9DC11C812BCAFFC300263F73 /* channel_map.cpp */; };
		9DD141072A81C5D60059864D /* LogLinConverter.cpp in Sources */ = {isa = PBXBuildFile; fileRef = 9DD141052A81C5D60059864D /* LogLinConverter.cpp */; };
		9DD141082A81C5D60059864D /* LogLinConverter.cpp in Sources */ = {isa = PBXBuildFile; fileRef = 9DD141052A81C5D60059864D /* LogLinConverter.cpp */; };
		9DD1410A2A81E1870059864D /* OSXAudioInterface.m in Sources */ = {isa = PBXBuildFile; fileRef = 9DD141092A81E1870059864D /* OSXAudioInterface.m */; };
		9DD1410B2A81E1870059864D /* OSXAudioInterface.m in Sources */ = {isa = PBXBuildFile; fileRef = 9DD141092A81E1870059864D /* OSXAudioInterface.m */; };
		9DD1410E2A82AD420059864D /* AudioDevice.m in Sources */ = {isa = PBXBuildFile; fileRef = 9DD1410D2A82AD420059864D /* AudioDevice.m */; };
		9DD1410F2A82AD420059864D /* AudioDevice.m in Sources */ = {isa = PBXBuildFile; fileRef = 9DD1410D2A82AD420059864D /* AudioDevice.m */; };
		9DD1BF292A9A549900D7C0B2 /* CompressionMeter5band.m in Sources */ = {isa = PBXBuildFile; fileRef = 9DD1BF282A9A549900D7C0B2 /* CompressionMeter5band.m */; };
		9DD1BF2C2A9A811500D7C0B2 /* ProcMod5bandCompressor.cpp in Sources */ = {isa = PBXBuildFile; fileRef = 9DD1BF2B2A9A811400D7C0B2 /* ProcMod5bandCompressor.cpp */; };
		9DD1BF2F2A9AA07700D7C0B2 /* crossover_5_band.cpp in Sources */ = {isa = PBXBuildFile; fileRef = 9DD1BF2D2A9AA07700D7C0B2 /* crossover_5_band.cpp */; };
		9DDD8AFD2AB766CC00F566F0 /* running_rms.cpp in Sources */ = {isa = PBXBuildFile; fileRef = 9DDD8AFC2AB766CC00F566F0 /* running_rms.cpp */; };
		9DE7B6872C86187600313951 /* butterworth.cpp in Sources */ = {isa = PBXBuildFile; fileRef = 9DE7B6852C86187600313951 /* butterworth.cpp */; };
		9DE7B6882C86187600313951 /* butterworth.cpp in Sources */ = {isa = PBXBuildFile; fileRef = 9DE7B6852C86187600313951 /* butterworth.cpp */; };
		9DE7B6892C86187600313951 /* butterworth.cpp in Sources */ = {isa = PBXBuildFile; fileRef = 9DE7B6852C86187600313951 /* butterworth.cpp */; };
		9DE7B68C2C861CE600313951 /* allpass_filter_lr4.cp in Sources */ = {isa = PBXBuildFile; fileRef = 9DE7B68B2C861CE600313951 /* allpass_filter_lr4.cp */; };
		9DE7B68D2C861CE600313951 /* allpass_filter_lr4.cp in Sources */ = {isa = PBXBuildFile; fileRef = 9DE7B68B2C861CE600313951 /* allpass_filter_lr4.cp */; };
		9DE7B68E2C861CE600313951 /* allpass_filter_lr4.cp in Sources */ = {isa = PBXBuildFile; fileRef = 9DE7B68B2C861CE600313951 /* allpass_filter_lr4.cp */; };
		9DEF3B432A9D0FD0004E78F3 /* crossover_5_band.cpp in Sources */ = {isa = PBXBuildFile; fileRef = 9DD1BF2D2A9AA07700D7C0B2 /* crossover_5_band.cpp */; };
		9DEF3B462A9D2311004E78F3 /* ProcMod5bandCrossover.cpp in Sources */ = {isa = PBXBuildFile; fileRef = 9DEF3B452A9D2311004E78F3 /* ProcMod5bandCrossover.cpp */; };
		9DF3B70D2A80088400867EA1 /* LevelMeter.m in Sources */ = {isa = PBXBuildFile; fileRef = 9DF3B70C2A80088400867EA1 /* LevelMeter.m */; };
		9DF3B70E2A80088400867EA1 /* LevelMeter.m in Sources */ = {isa = PBXBuildFile; fileRef = 9DF3B70C2A80088400867EA1 /* LevelMeter.m */; };
		9DF905F52BF94BBE003EAA5C /* libyaml-cppd.a in Frameworks */ = {isa = PBXBuildFile; fileRef = 9DFC35D82BB0A5E10091A8DD /* libyaml-cppd.a */; };
		9DFECDED2A86D80D00BFB1A2 /* ProcModGain.cpp in Sources */ = {isa = PBXBuildFile; fileRef = 9DFECDEC2A86D80D00BFB1A2 /* ProcModGain.cpp */; };
		9DFECDEE2A86D80D00BFB1A2 /* ProcModGain.cpp in Sources */ = {isa = PBXBuildFile; fileRef = 9DFECDEC2A86D80D00BFB1A2 /* ProcModGain.cpp */; };
		9DFECDF12A86F02C00BFB1A2 /* Credits.rtf in Resources */ = {isa = PBXBuildFile; fileRef = 9DFECDF02A86F02C00BFB1A2 /* Credits.rtf */; };
		9DFECDF22A86F02C00BFB1A2 /* Credits.rtf in Resources */ = {isa = PBXBuildFile; fileRef = 9DFECDF02A86F02C00BFB1A2 /* Credits.rtf */; };
		9DFECDF72A87EAAF00BFB1A2 /* ProcMod2BandAGC.cpp in Sources */ = {isa = PBXBuildFile; fileRef = 9DFECDF52A87EAAF00BFB1A2 /* ProcMod2BandAGC.cpp */; };
		9DFECDF82A87EAAF00BFB1A2 /* ProcMod2BandAGC.cpp in Sources */ = {isa = PBXBuildFile; fileRef = 9DFECDF52A87EAAF00BFB1A2 /* ProcMod2BandAGC.cpp */; };
		9DFECE002A87EAF800BFB1A2 /* biquad.cpp in Sources */ = {isa = PBXBuildFile; fileRef = 9DFECDFB2A87EAF800BFB1A2 /* biquad.cpp */; };
		9DFECE012A87EAF800BFB1A2 /* biquad.cpp in Sources */ = {isa = PBXBuildFile; fileRef = 9DFECDFB2A87EAF800BFB1A2 /* biquad.cpp */; };
		9DFECE042A87EAF800BFB1A2 /* filter_lr4.cpp in Sources */ = {isa = PBXBuildFile; fileRef = 9DFECDFD2A87EAF800BFB1A2 /* filter_lr4.cpp */; };
		9DFECE052A87EAF800BFB1A2 /* filter_lr4.cpp in Sources */ = {isa = PBXBuildFile; fileRef = 9DFECDFD2A87EAF800BFB1A2 /* filter_lr4.cpp */; };
		9DFECE082A87ECCD00BFB1A2 /* AudioBuf.cpp in Sources */ = {isa = PBXBuildFile; fileRef = 9DFECE062A87ECCD00BFB1A2 /* AudioBuf.cpp */; };
		9DFECE092A87ECCD00BFB1A2 /* AudioBuf.cpp in Sources */ = {isa = PBXBuildFile; fileRef = 9DFECE062A87ECCD00BFB1A2 /* AudioBuf.cpp */; };
/* End PBXBuildFile section */

/* Begin PBXContainerItemProxy section */
		9DB7A13629D7949E002E6F4E /* PBXContainerItemProxy */ = {
			isa = PBXContainerItemProxy;
			containerPortal = 9DB7A11B29D7949D002E6F4E /* Project object */;
			proxyType = 1;
			remoteGlobalIDString = 9DB7A12229D7949D002E6F4E;
			remoteInfo = MacSmoov;
		};
		9DB7A14029D7949F002E6F4E /* PBXContainerItemProxy */ = {
			isa = PBXContainerItemProxy;
			containerPortal = 9DB7A11B29D7949D002E6F4E /* Project object */;
			proxyType = 1;
			remoteGlobalIDString = 9DB7A12229D7949D002E6F4E;
			remoteInfo = MacSmoov;
		};
/* End PBXContainerItemProxy section */

/* Begin PBXFileReference section */
		9D037C952AB5F604002B2638 /* ProcModHFEnhance.hpp */ = {isa = PBXFileReference; fileEncoding = 4; lastKnownFileType = sourcecode.cpp.h; path = ProcModHFEnhance.hpp; sourceTree = "<group>"; };
		9D037C962AB5F604002B2638 /* ProcModHFEnhance.cpp */ = {isa = PBXFileReference; fileEncoding = 4; lastKnownFileType = sourcecode.cpp.cpp; path = ProcModHFEnhance.cpp; sourceTree = "<group>"; };
		9D037C992AB60617002B2638 /* filter_3rdorder.cpp */ = {isa = PBXFileReference; fileEncoding = 4; lastKnownFileType = sourcecode.cpp.cpp; path = filter_3rdorder.cpp; sourceTree = "<group>"; };
		9D037C9A2AB60617002B2638 /* filter_3rdorder.h */ = {isa = PBXFileReference; fileEncoding = 4; lastKnownFileType = sourcecode.c.h; path = filter_3rdorder.h; sourceTree = "<group>"; };
		9D037C9C2AB6098A002B2638 /* filter_el.cpp */ = {isa = PBXFileReference; fileEncoding = 4; lastKnownFileType = sourcecode.cpp.cpp; path = filter_el.cpp; sourceTree = "<group>"; };
		9D037C9D2AB6098A002B2638 /* filter_el.h */ = {isa = PBXFileReference; fileEncoding = 4; lastKnownFileType = sourcecode.c.h; path = filter_el.h; sourceTree = "<group>"; };
		9D281A9129E05F57009CF125 /* SignalGenerator.m */ = {isa = PBXFileReference; lastKnownFileType = sourcecode.c.objc; path = SignalGenerator.m; sourceTree = "<group>"; };
		9D281A9529E05F67009CF125 /* SignalGenerator.h */ = {isa = PBXFileReference; lastKnownFileType = sourcecode.c.h; path = SignalGenerator.h; sourceTree = "<group>"; };
		9D281A9629E1C5B5009CF125 /* AudioDeviceSelector.h */ = {isa = PBXFileReference; lastKnownFileType = sourcecode.c.h; path = AudioDeviceSelector.h; sourceTree = "<group>"; };
		9D281A9729E1C5B5009CF125 /* AudioDeviceSelector.m */ = {isa = PBXFileReference; lastKnownFileType = sourcecode.c.objc; path = AudioDeviceSelector.m; sourceTree = "<group>"; };
		9D281A9829E1C5B5009CF125 /* AudioDeviceSelector.xib */ = {isa = PBXFileReference; lastKnownFileType = file.xib; path = AudioDeviceSelector.xib; sourceTree = "<group>"; };
		9D3A20652A9562A800C7C620 /* CompressionMeter.h */ = {isa = PBXFileReference; fileEncoding = 4; lastKnownFileType = sourcecode.c.h; path = CompressionMeter.h; sourceTree = "<group>"; };
		9D3A20662A9562A800C7C620 /* CompressionMeter.m */ = {isa = PBXFileReference; fileEncoding = 4; lastKnownFileType = sourcecode.c.objc; path = CompressionMeter.m; sourceTree = "<group>"; };
		9D3ED85F2AFFF65C008283FC /* AGCControlsView.h */ = {isa = PBXFileReference; fileEncoding = 4; lastKnownFileType = sourcecode.c.h; path = AGCControlsView.h; sourceTree = "<group>"; };
		9D3ED8602AFFF65C008283FC /* AGCControlsView.m */ = {isa = PBXFileReference; fileEncoding = 4; lastKnownFileType = sourcecode.c.objc; path = AGCControlsView.m; sourceTree = "<group>"; };
		9D3ED8612AFFF65C008283FC /* AGCControlsView.xib */ = {isa = PBXFileReference; fileEncoding = 4; lastKnownFileType = file.xib; path = AGCControlsView.xib; sourceTree = "<group>"; };
		9D43EA582C3907DB00C9B45B /* MultibandObjectController.m */ = {isa = PBXFileReference; lastKnownFileType = sourcecode.c.objc; path = MultibandObjectController.m; sourceTree = "<group>"; };
		9D43EA5C2C39080000C9B45B /* MultibandObjectController.h */ = {isa = PBXFileReference; lastKnownFileType = sourcecode.c.h; path = MultibandObjectController.h; sourceTree = "<group>"; };
		9D4517C32A9D8799003BC1EB /* core_common.h */ = {isa = PBXFileReference; lastKnownFileType = sourcecode.c.h; path = core_common.h; sourceTree = "<group>"; };
		9D4517C42A9D89AD003BC1EB /* MultibandControlsView.h */ = {isa = PBXFileReference; lastKnownFileType = sourcecode.c.h; path = MultibandControlsView.h; sourceTree = "<group>"; };
		9D4517C52A9D89AD003BC1EB /* MultibandControlsView.m */ = {isa = PBXFileReference; lastKnownFileType = sourcecode.c.objc; path = MultibandControlsView.m; sourceTree = "<group>"; };
		9D4517C62A9D89AD003BC1EB /* MultibandControlsView.xib */ = {isa = PBXFileReference; lastKnownFileType = file.xib; path = MultibandControlsView.xib; sourceTree = "<group>"; };
		9D54D8AE2ADC2F85006C3F57 /* ProcModDelay.hpp */ = {isa = PBXFileReference; fileEncoding = 4; lastKnownFileType = sourcecode.cpp.h; path = ProcModDelay.hpp; sourceTree = "<group>"; };
		9D54D8AF2ADC2F85006C3F57 /* ProcModDelay.cpp */ = {isa = PBXFileReference; fileEncoding = 4; lastKnownFileType = sourcecode.cpp.cpp; path = ProcModDelay.cpp; sourceTree = "<group>"; };
		9D5C638629D8E5D600E40A60 /* SignalGeneratorEngine.cpp */ = {isa = PBXFileReference; lastKnownFileType = sourcecode.cpp.cpp; path = SignalGeneratorEngine.cpp; sourceTree = "<group>"; };
		9D5C638729D8E5D600E40A60 /* SignalGeneratorEngine.hpp */ = {isa = PBXFileReference; lastKnownFileType = sourcecode.cpp.h; path = SignalGeneratorEngine.hpp; sourceTree = "<group>"; };
		9D5C638B29D9FF5400E40A60 /* SignalGeneratorEngineWrapper.mm */ = {isa = PBXFileReference; lastKnownFileType = sourcecode.cpp.objcpp; path = SignalGeneratorEngineWrapper.mm; sourceTree = "<group>"; };
		9D5C638F29D9FF6E00E40A60 /* SignalGeneratorEngineWrapper.h */ = {isa = PBXFileReference; lastKnownFileType = sourcecode.c.h; path = SignalGeneratorEngineWrapper.h; sourceTree = "<group>"; };
		9D5C639029DA03E600E40A60 /* CommonTypes.h */ = {isa = PBXFileReference; lastKnownFileType = sourcecode.c.h; path = CommonTypes.h; sourceTree = "<group>"; };
		9D5C639129DA5DE200E40A60 /* SignalGeneratorViewController.h */ = {isa = PBXFileReference; lastKnownFileType = sourcecode.c.h; path = SignalGeneratorViewController.h; sourceTree = "<group>"; };
		9D5C639229DA5DE200E40A60 /* SignalGeneratorViewController.m */ = {isa = PBXFileReference; lastKnownFileType = sourcecode.c.objc; path = SignalGeneratorViewController.m; sourceTree = "<group>"; };
		9D5C639329DA5DE200E40A60 /* SignalGeneratorViewController.xib */ = {isa = PBXFileReference; lastKnownFileType = file.xib; path = SignalGeneratorViewController.xib; sourceTree = "<group>"; };
		9D6392DA2C89219400F52366 /* ProcMod2BandAGC.hpp */ = {isa = PBXFileReference; fileEncoding = 4; lastKnownFileType = sourcecode.cpp.h; path = ProcMod2BandAGC.hpp; sourceTree = "<group>"; };
		9D6392DB2C8921A000F52366 /* ProcModBassClipper.cpp */ = {isa = PBXFileReference; fileEncoding = 4; lastKnownFileType = sourcecode.cpp.cpp; path = ProcModBassClipper.cpp; sourceTree = "<group>"; };
		9D71CFB229F83E6100436F79 /* Info.plist */ = {isa = PBXFileReference; lastKnownFileType = text.plist; path = Info.plist; sourceTree = "<group>"; };
		9D81E9B12A5B2CC6007D46EF /* ProcessorModule.cpp */ = {isa = PBXFileReference; lastKnownFileType = sourcecode.cpp.cpp; path = ProcessorModule.cpp; sourceTree = "<group>"; };
		9D81E9B22A5B2CC6007D46EF /* ProcessorModule.hpp */ = {isa = PBXFileReference; lastKnownFileType = sourcecode.cpp.h; path = ProcessorModule.hpp; sourceTree = "<group>"; };
		9D81E9B62A5B2D70007D46EF /* ProcModLevelMeter.cpp */ = {isa = PBXFileReference; lastKnownFileType = sourcecode.cpp.cpp; path = ProcModLevelMeter.cpp; sourceTree = "<group>"; };
		9D81E9B72A5B2D70007D46EF /* ProcModLevelMeter.hpp */ = {isa = PBXFileReference; lastKnownFileType = sourcecode.cpp.h; path = ProcModLevelMeter.hpp; sourceTree = "<group>"; };
		9D86506B2D43604400F32A87 /* simple_gain.cpp */ = {isa = PBXFileReference; lastKnownFileType = sourcecode.cpp.cpp; path = simple_gain.cpp; sourceTree = "<group>"; };
		9D86506C2D43604400F32A87 /* simple_gain.hpp */ = {isa = PBXFileReference; lastKnownFileType = sourcecode.cpp.h; path = simple_gain.hpp; sourceTree = "<group>"; };
		9D86ADF22C9DD71F0025B964 /* ProcModLookaheadLimiter.h */ = {isa = PBXFileReference; fileEncoding = 4; lastKnownFileType = sourcecode.c.h; path = ProcModLookaheadLimiter.h; sourceTree = "<group>"; };
		9D86ADF32C9DD7330025B964 /* ProcModLookaheadLimiter.cpp */ = {isa = PBXFileReference; fileEncoding = 4; lastKnownFileType = sourcecode.cpp.cpp; path = ProcModLookaheadLimiter.cpp; sourceTree = "<group>"; };
		9D8EC53D2A8B1901006C1E09 /* ProcModStereoEnhance.hpp */ = {isa = PBXFileReference; fileEncoding = 4; lastKnownFileType = sourcecode.cpp.h; path = ProcModStereoEnhance.hpp; sourceTree = "<group>"; };
		9D8EC53E2A8B1901006C1E09 /* ProcModStereoEnhance.cpp */ = {isa = PBXFileReference; fileEncoding = 4; lastKnownFileType = sourcecode.cpp.cpp; path = ProcModStereoEnhance.cpp; sourceTree = "<group>"; };
		9D8EC5442A8BFFA0006C1E09 /* vca.cpp */ = {isa = PBXFileReference; fileEncoding = 4; lastKnownFileType = sourcecode.cpp.cpp; path = vca.cpp; sourceTree = "<group>"; };
		9D8EC5452A8BFFA0006C1E09 /* vca.h */ = {isa = PBXFileReference; fileEncoding = 4; lastKnownFileType = sourcecode.c.h; path = vca.h; sourceTree = "<group>"; };
		9D8EC5472A8C5A86006C1E09 /* vca_proportional.h */ = {isa = PBXFileReference; fileEncoding = 4; lastKnownFileType = sourcecode.c.h; path = vca_proportional.h; sourceTree = "<group>"; };
		9D8EC5482A8C5A86006C1E09 /* vca_proportional.cpp */ = {isa = PBXFileReference; fileEncoding = 4; lastKnownFileType = sourcecode.cpp.cpp; path = vca_proportional.cpp; sourceTree = "<group>"; };
		9D9806D329EB849200B98415 /* ProcessorCore.cpp */ = {isa = PBXFileReference; lastKnownFileType = sourcecode.cpp.cpp; path = ProcessorCore.cpp; sourceTree = "<group>"; };
		9D9806D429EB849200B98415 /* ProcessorCore.hpp */ = {isa = PBXFileReference; lastKnownFileType = sourcecode.cpp.h; path = ProcessorCore.hpp; sourceTree = "<group>"; };
		9D98C7C829FC579E00586A86 /* ProcessorCoreWrapper.mm */ = {isa = PBXFileReference; explicitFileType = sourcecode.cpp.objcpp; path = ProcessorCoreWrapper.mm; sourceTree = "<group>"; };
		9D98C7CC29FC57AB00586A86 /* ProcessorCoreWrapper.h */ = {isa = PBXFileReference; lastKnownFileType = sourcecode.c.h; path = ProcessorCoreWrapper.h; sourceTree = "<group>"; };
		9DA7C1272A5E4D4700A01D92 /* LPFSinglePole.cpp */ = {isa = PBXFileReference; lastKnownFileType = sourcecode.cpp.cpp; path = LPFSinglePole.cpp; sourceTree = "<group>"; };
		9DA7C1282A5E4D4700A01D92 /* LPFSinglePole.hpp */ = {isa = PBXFileReference; lastKnownFileType = sourcecode.cpp.h; path = LPFSinglePole.hpp; sourceTree = "<group>"; };
		9DB012862A71C376009BFCD8 /* CircularBuffer.cpp */ = {isa = PBXFileReference; lastKnownFileType = sourcecode.cpp.cpp; path = CircularBuffer.cpp; sourceTree = "<group>"; };
		9DB012872A71C376009BFCD8 /* CircularBuffer.hpp */ = {isa = PBXFileReference; lastKnownFileType = sourcecode.cpp.h; path = CircularBuffer.hpp; sourceTree = "<group>"; };
		9DB46A982D416328005E238E /* compressor.cpp */ = {isa = PBXFileReference; fileEncoding = 4; lastKnownFileType = sourcecode.cpp.cpp; path = compressor.cpp; sourceTree = "<group>"; };
		9DB46A992D416328005E238E /* compressor.h */ = {isa = PBXFileReference; fileEncoding = 4; lastKnownFileType = sourcecode.c.h; path = compressor.h; sourceTree = "<group>"; };
		9DB4B10D2BAF3C2600F9C076 /* Patchbay.xib */ = {isa = PBXFileReference; fileEncoding = 4; lastKnownFileType = file.xib; path = Patchbay.xib; sourceTree = "<group>"; };
		9DB4B1102BAF3CFE00F9C076 /* Patchbay.m */ = {isa = PBXFileReference; fileEncoding = 4; lastKnownFileType = sourcecode.c.objc; path = Patchbay.m; sourceTree = "<group>"; };
		9DB4B1132BAF3D0B00F9C076 /* Patchbay.h */ = {isa = PBXFileReference; fileEncoding = 4; lastKnownFileType = sourcecode.c.h; path = Patchbay.h; sourceTree = "<group>"; };
		9DB7A12329D7949D002E6F4E /* MacSmoov.app */ = {isa = PBXFileReference; explicitFileType = wrapper.application; includeInIndex = 0; path = MacSmoov.app; sourceTree = BUILT_PRODUCTS_DIR; };
		9DB7A12629D7949D002E6F4E /* AppDelegate.h */ = {isa = PBXFileReference; lastKnownFileType = sourcecode.c.h; path = AppDelegate.h; sourceTree = "<group>"; };
		9DB7A12729D7949D002E6F4E /* AppDelegate.m */ = {isa = PBXFileReference; explicitFileType = sourcecode.c.objc; path = AppDelegate.m; sourceTree = "<group>"; };
		9DB7A12929D7949E002E6F4E /* Assets.xcassets */ = {isa = PBXFileReference; lastKnownFileType = folder.assetcatalog; path = Assets.xcassets; sourceTree = "<group>"; };
		9DB7A12C29D7949E002E6F4E /* Base */ = {isa = PBXFileReference; lastKnownFileType = file.xib; name = Base; path = Base.lproj/MainMenu.xib; sourceTree = "<group>"; };
		9DB7A12E29D7949E002E6F4E /* main.m */ = {isa = PBXFileReference; explicitFileType = sourcecode.c.objc; path = main.m; sourceTree = "<group>"; };
		9DB7A13029D7949E002E6F4E /* MacSmoov.entitlements */ = {isa = PBXFileReference; lastKnownFileType = text.plist.entitlements; path = MacSmoov.entitlements; sourceTree = "<group>"; };
		9DB7A13529D7949E002E6F4E /* MacSmoovTests.xctest */ = {isa = PBXFileReference; explicitFileType = wrapper.cfbundle; includeInIndex = 0; path = MacSmoovTests.xctest; sourceTree = BUILT_PRODUCTS_DIR; };
		9DB7A13929D7949E002E6F4E /* MacSmoovTests.m */ = {isa = PBXFileReference; lastKnownFileType = sourcecode.c.objc; path = MacSmoovTests.m; sourceTree = "<group>"; };
		9DB7A13F29D7949F002E6F4E /* MacSmoovUITests.xctest */ = {isa = PBXFileReference; explicitFileType = wrapper.cfbundle; includeInIndex = 0; path = MacSmoovUITests.xctest; sourceTree = BUILT_PRODUCTS_DIR; };
		9DB7A14329D7949F002E6F4E /* MacSmoovUITests.m */ = {isa = PBXFileReference; lastKnownFileType = sourcecode.c.objc; path = MacSmoovUITests.m; sourceTree = "<group>"; };
		9DB7A14529D7949F002E6F4E /* MacSmoovUITestsLaunchTests.m */ = {isa = PBXFileReference; lastKnownFileType = sourcecode.c.objc; path = MacSmoovUITestsLaunchTests.m; sourceTree = "<group>"; };
		9DC11C792BCACC6600263F73 /* CoreConfig.h */ = {isa = PBXFileReference; lastKnownFileType = sourcecode.c.h; path = CoreConfig.h; sourceTree = "<group>"; };
		9DC11C7A2BCACCE000263F73 /* CoreConfig.cpp */ = {isa = PBXFileReference; lastKnownFileType = sourcecode.cpp.cpp; path = CoreConfig.cpp; sourceTree = "<group>"; };
		9DC11C7D2BCAF8C200263F73 /* CoreStack.cpp */ = {isa = PBXFileReference; lastKnownFileType = sourcecode.cpp.cpp; path = CoreStack.cpp; sourceTree = "<group>"; };
		9DC11C7E2BCAF8C200263F73 /* CoreStack.hpp */ = {isa = PBXFileReference; lastKnownFileType = sourcecode.cpp.h; path = CoreStack.hpp; sourceTree = "<group>"; };
		9DC11C812BCAFFC300263F73 /* channel_map.cpp */ = {isa = PBXFileReference; lastKnownFileType = sourcecode.cpp.cpp; path = channel_map.cpp; sourceTree = "<group>"; };
		9DC11C822BCAFFC300263F73 /* channel_map.hpp */ = {isa = PBXFileReference; lastKnownFileType = sourcecode.cpp.h; path = channel_map.hpp; sourceTree = "<group>"; };
		9DD141052A81C5D60059864D /* LogLinConverter.cpp */ = {isa = PBXFileReference; lastKnownFileType = sourcecode.cpp.cpp; path = LogLinConverter.cpp; sourceTree = "<group>"; };
		9DD141062A81C5D60059864D /* LogLinConverter.hpp */ = {isa = PBXFileReference; lastKnownFileType = sourcecode.cpp.h; path = LogLinConverter.hpp; sourceTree = "<group>"; };
		9DD141092A81E1870059864D /* OSXAudioInterface.m */ = {isa = PBXFileReference; lastKnownFileType = sourcecode.c.objc; path = OSXAudioInterface.m; sourceTree = "<group>"; };
		9DD1410C2A81E3EB0059864D /* OSXAudioInterface.h */ = {isa = PBXFileReference; lastKnownFileType = sourcecode.c.h; path = OSXAudioInterface.h; sourceTree = "<group>"; };
		9DD1410D2A82AD420059864D /* AudioDevice.m */ = {isa = PBXFileReference; lastKnownFileType = sourcecode.c.objc; path = AudioDevice.m; sourceTree = "<group>"; };
		9DD141102A82AD5B0059864D /* AudioDevice.h */ = {isa = PBXFileReference; lastKnownFileType = sourcecode.c.h; path = AudioDevice.h; sourceTree = "<group>"; };
		9DD1BF272A9A549900D7C0B2 /* CompressionMeter5band.h */ = {isa = PBXFileReference; fileEncoding = 4; lastKnownFileType = sourcecode.c.h; path = CompressionMeter5band.h; sourceTree = "<group>"; };
		9DD1BF282A9A549900D7C0B2 /* CompressionMeter5band.m */ = {isa = PBXFileReference; fileEncoding = 4; lastKnownFileType = sourcecode.c.objc; path = CompressionMeter5band.m; sourceTree = "<group>"; };
		9DD1BF2A2A9A811400D7C0B2 /* ProcMod5bandCompressor.hpp */ = {isa = PBXFileReference; fileEncoding = 4; lastKnownFileType = sourcecode.cpp.h; path = ProcMod5bandCompressor.hpp; sourceTree = "<group>"; };
		9DD1BF2B2A9A811400D7C0B2 /* ProcMod5bandCompressor.cpp */ = {isa = PBXFileReference; fileEncoding = 4; lastKnownFileType = sourcecode.cpp.cpp; path = ProcMod5bandCompressor.cpp; sourceTree = "<group>"; };
		9DD1BF2D2A9AA07700D7C0B2 /* crossover_5_band.cpp */ = {isa = PBXFileReference; fileEncoding = 4; lastKnownFileType = sourcecode.cpp.cpp; path = crossover_5_band.cpp; sourceTree = "<group>"; };
		9DD1BF2E2A9AA07700D7C0B2 /* crossover_5_band.h */ = {isa = PBXFileReference; fileEncoding = 4; lastKnownFileType = sourcecode.c.h; path = crossover_5_band.h; sourceTree = "<group>"; };
		9DDD8AFB2AB766CC00F566F0 /* running_rms.h */ = {isa = PBXFileReference; fileEncoding = 4; lastKnownFileType = sourcecode.c.h; path = running_rms.h; sourceTree = "<group>"; };
		9DDD8AFC2AB766CC00F566F0 /* running_rms.cpp */ = {isa = PBXFileReference; fileEncoding = 4; lastKnownFileType = sourcecode.cpp.cpp; path = running_rms.cpp; sourceTree = "<group>"; };
		9DE7B6852C86187600313951 /* butterworth.cpp */ = {isa = PBXFileReference; lastKnownFileType = sourcecode.cpp.cpp; path = butterworth.cpp; sourceTree = "<group>"; };
		9DE7B6862C86187600313951 /* butterworth.h */ = {isa = PBXFileReference; lastKnownFileType = sourcecode.c.h; path = butterworth.h; sourceTree = "<group>"; };
		9DE7B68A2C861CDA00313951 /* allpass_filter_lr4.h */ = {isa = PBXFileReference; fileEncoding = 4; lastKnownFileType = sourcecode.c.h; path = allpass_filter_lr4.h; sourceTree = "<group>"; };
		9DE7B68B2C861CE600313951 /* allpass_filter_lr4.cp */ = {isa = PBXFileReference; fileEncoding = 4; lastKnownFileType = sourcecode.cpp.cpp; path = allpass_filter_lr4.cp; sourceTree = "<group>"; };
		9DEF3B442A9D2311004E78F3 /* ProcMod5bandCrossover.hpp */ = {isa = PBXFileReference; fileEncoding = 4; lastKnownFileType = sourcecode.cpp.h; path = ProcMod5bandCrossover.hpp; sourceTree = "<group>"; };
		9DEF3B452A9D2311004E78F3 /* ProcMod5bandCrossover.cpp */ = {isa = PBXFileReference; fileEncoding = 4; lastKnownFileType = sourcecode.cpp.cpp; path = ProcMod5bandCrossover.cpp; sourceTree = "<group>"; };
		9DF3B70B2A80088400867EA1 /* LevelMeter.h */ = {isa = PBXFileReference; lastKnownFileType = sourcecode.c.h; path = LevelMeter.h; sourceTree = "<group>"; };
		9DF3B70C2A80088400867EA1 /* LevelMeter.m */ = {isa = PBXFileReference; lastKnownFileType = sourcecode.c.objc; path = LevelMeter.m; sourceTree = "<group>"; };
		9DFC35AF2BB0A2D80091A8DD /* traits.h */ = {isa = PBXFileReference; fileEncoding = 4; lastKnownFileType = sourcecode.c.h; path = traits.h; sourceTree = "<group>"; };
		9DFC35B02BB0A2D80091A8DD /* eventhandler.h */ = {isa = PBXFileReference; fileEncoding = 4; lastKnownFileType = sourcecode.c.h; path = eventhandler.h; sourceTree = "<group>"; };
		9DFC35B12BB0A2D80091A8DD /* emitter.h */ = {isa = PBXFileReference; fileEncoding = 4; lastKnownFileType = sourcecode.c.h; path = emitter.h; sourceTree = "<group>"; };
		9DFC35B22BB0A2D80091A8DD /* anchor.h */ = {isa = PBXFileReference; fileEncoding = 4; lastKnownFileType = sourcecode.c.h; path = anchor.h; sourceTree = "<group>"; };
		9DFC35B32BB0A2D80091A8DD /* mark.h */ = {isa = PBXFileReference; fileEncoding = 4; lastKnownFileType = sourcecode.c.h; path = mark.h; sourceTree = "<group>"; };
		9DFC35B42BB0A2D80091A8DD /* emitterdef.h */ = {isa = PBXFileReference; fileEncoding = 4; lastKnownFileType = sourcecode.c.h; path = emitterdef.h; sourceTree = "<group>"; };
		9DFC35B52BB0A2D80091A8DD /* parser.h */ = {isa = PBXFileReference; fileEncoding = 4; lastKnownFileType = sourcecode.c.h; path = parser.h; sourceTree = "<group>"; };
		9DFC35B62BB0A2D80091A8DD /* null.h */ = {isa = PBXFileReference; fileEncoding = 4; lastKnownFileType = sourcecode.c.h; path = null.h; sourceTree = "<group>"; };
		9DFC35B72BB0A2D80091A8DD /* exceptions.h */ = {isa = PBXFileReference; fileEncoding = 4; lastKnownFileType = sourcecode.c.h; path = exceptions.h; sourceTree = "<group>"; };
		9DFC35B82BB0A2D80091A8DD /* emitterstyle.h */ = {isa = PBXFileReference; fileEncoding = 4; lastKnownFileType = sourcecode.c.h; path = emitterstyle.h; sourceTree = "<group>"; };
		9DFC35B92BB0A2D80091A8DD /* noexcept.h */ = {isa = PBXFileReference; fileEncoding = 4; lastKnownFileType = sourcecode.c.h; path = noexcept.h; sourceTree = "<group>"; };
		9DFC35BA2BB0A2D80091A8DD /* emittermanip.h */ = {isa = PBXFileReference; fileEncoding = 4; lastKnownFileType = sourcecode.c.h; path = emittermanip.h; sourceTree = "<group>"; };
		9DFC35BB2BB0A2D80091A8DD /* emitfromevents.h */ = {isa = PBXFileReference; fileEncoding = 4; lastKnownFileType = sourcecode.c.h; path = emitfromevents.h; sourceTree = "<group>"; };
		9DFC35BC2BB0A2D80091A8DD /* dll.h */ = {isa = PBXFileReference; fileEncoding = 4; lastKnownFileType = sourcecode.c.h; path = dll.h; sourceTree = "<group>"; };
		9DFC35BE2BB0A2D80091A8DD /* graphbuilder.h */ = {isa = PBXFileReference; fileEncoding = 4; lastKnownFileType = sourcecode.c.h; path = graphbuilder.h; sourceTree = "<group>"; };
		9DFC35BF2BB0A2D80091A8DD /* anchordict.h */ = {isa = PBXFileReference; fileEncoding = 4; lastKnownFileType = sourcecode.c.h; path = anchordict.h; sourceTree = "<group>"; };
		9DFC35C02BB0A2D80091A8DD /* yaml.h */ = {isa = PBXFileReference; fileEncoding = 4; lastKnownFileType = sourcecode.c.h; path = yaml.h; sourceTree = "<group>"; };
		9DFC35C22BB0A2D80091A8DD /* type.h */ = {isa = PBXFileReference; fileEncoding = 4; lastKnownFileType = sourcecode.c.h; path = type.h; sourceTree = "<group>"; };
		9DFC35C32BB0A2D80091A8DD /* parse.h */ = {isa = PBXFileReference; fileEncoding = 4; lastKnownFileType = sourcecode.c.h; path = parse.h; sourceTree = "<group>"; };
		9DFC35C42BB0A2D80091A8DD /* node.h */ = {isa = PBXFileReference; fileEncoding = 4; lastKnownFileType = sourcecode.c.h; path = node.h; sourceTree = "<group>"; };
		9DFC35C62BB0A2D80091A8DD /* node_data.h */ = {isa = PBXFileReference; fileEncoding = 4; lastKnownFileType = sourcecode.c.h; path = node_data.h; sourceTree = "<group>"; };
		9DFC35C72BB0A2D80091A8DD /* node_ref.h */ = {isa = PBXFileReference; fileEncoding = 4; lastKnownFileType = sourcecode.c.h; path = node_ref.h; sourceTree = "<group>"; };
		9DFC35C82BB0A2D80091A8DD /* node.h */ = {isa = PBXFileReference; fileEncoding = 4; lastKnownFileType = sourcecode.c.h; path = node.h; sourceTree = "<group>"; };
		9DFC35C92BB0A2D80091A8DD /* memory.h */ = {isa = PBXFileReference; fileEncoding = 4; lastKnownFileType = sourcecode.c.h; path = memory.h; sourceTree = "<group>"; };
		9DFC35CA2BB0A2D80091A8DD /* node_iterator.h */ = {isa = PBXFileReference; fileEncoding = 4; lastKnownFileType = sourcecode.c.h; path = node_iterator.h; sourceTree = "<group>"; };
		9DFC35CB2BB0A2D80091A8DD /* impl.h */ = {isa = PBXFileReference; fileEncoding = 4; lastKnownFileType = sourcecode.c.h; path = impl.h; sourceTree = "<group>"; };
		9DFC35CC2BB0A2D80091A8DD /* iterator_fwd.h */ = {isa = PBXFileReference; fileEncoding = 4; lastKnownFileType = sourcecode.c.h; path = iterator_fwd.h; sourceTree = "<group>"; };
		9DFC35CD2BB0A2D80091A8DD /* iterator.h */ = {isa = PBXFileReference; fileEncoding = 4; lastKnownFileType = sourcecode.c.h; path = iterator.h; sourceTree = "<group>"; };
		9DFC35CE2BB0A2D80091A8DD /* ptr.h */ = {isa = PBXFileReference; fileEncoding = 4; lastKnownFileType = sourcecode.c.h; path = ptr.h; sourceTree = "<group>"; };
		9DFC35CF2BB0A2D80091A8DD /* convert.h */ = {isa = PBXFileReference; fileEncoding = 4; lastKnownFileType = sourcecode.c.h; path = convert.h; sourceTree = "<group>"; };
		9DFC35D02BB0A2D80091A8DD /* impl.h */ = {isa = PBXFileReference; fileEncoding = 4; lastKnownFileType = sourcecode.c.h; path = impl.h; sourceTree = "<group>"; };
		9DFC35D12BB0A2D80091A8DD /* emit.h */ = {isa = PBXFileReference; fileEncoding = 4; lastKnownFileType = sourcecode.c.h; path = emit.h; sourceTree = "<group>"; };
		9DFC35D22BB0A2D80091A8DD /* iterator.h */ = {isa = PBXFileReference; fileEncoding = 4; lastKnownFileType = sourcecode.c.h; path = iterator.h; sourceTree = "<group>"; };
		9DFC35D32BB0A2D80091A8DD /* ostream_wrapper.h */ = {isa = PBXFileReference; fileEncoding = 4; lastKnownFileType = sourcecode.c.h; path = ostream_wrapper.h; sourceTree = "<group>"; };
		9DFC35D42BB0A2D80091A8DD /* stlemitter.h */ = {isa = PBXFileReference; fileEncoding = 4; lastKnownFileType = sourcecode.c.h; path = stlemitter.h; sourceTree = "<group>"; };
		9DFC35D52BB0A2D80091A8DD /* binary.h */ = {isa = PBXFileReference; fileEncoding = 4; lastKnownFileType = sourcecode.c.h; path = binary.h; sourceTree = "<group>"; };
		9DFC35D62BB0A2D80091A8DD /* depthguard.h */ = {isa = PBXFileReference; fileEncoding = 4; lastKnownFileType = sourcecode.c.h; path = depthguard.h; sourceTree = "<group>"; };
		9DFC35D82BB0A5E10091A8DD /* libyaml-cppd.a */ = {isa = PBXFileReference; lastKnownFileType = archive.ar; name = "libyaml-cppd.a"; path = "../yaml-cpp/build/Debug/libyaml-cppd.a"; sourceTree = "<group>"; };
		9DFECDEC2A86D80D00BFB1A2 /* ProcModGain.cpp */ = {isa = PBXFileReference; fileEncoding = 4; lastKnownFileType = sourcecode.cpp.cpp; path = ProcModGain.cpp; sourceTree = "<group>"; };
		9DFECDEF2A86D82A00BFB1A2 /* ProcModGain.hpp */ = {isa = PBXFileReference; fileEncoding = 4; lastKnownFileType = sourcecode.cpp.h; path = ProcModGain.hpp; sourceTree = "<group>"; };
		9DFECDF02A86F02C00BFB1A2 /* Credits.rtf */ = {isa = PBXFileReference; lastKnownFileType = text.rtf; path = Credits.rtf; sourceTree = "<group>"; };
		9DFECDF52A87EAAF00BFB1A2 /* ProcMod2BandAGC.cpp */ = {isa = PBXFileReference; lastKnownFileType = sourcecode.cpp.cpp; path = ProcMod2BandAGC.cpp; sourceTree = "<group>"; };
		9DFECDF62A87EAAF00BFB1A2 /* ProcModBassClipper.hpp */ = {isa = PBXFileReference; lastKnownFileType = sourcecode.cpp.h; path = ProcModBassClipper.hpp; sourceTree = "<group>"; };
		9DFECDFA2A87EAF800BFB1A2 /* filter_lr4.h */ = {isa = PBXFileReference; fileEncoding = 4; lastKnownFileType = sourcecode.c.h; path = filter_lr4.h; sourceTree = "<group>"; };
		9DFECDFB2A87EAF800BFB1A2 /* biquad.cpp */ = {isa = PBXFileReference; fileEncoding = 4; lastKnownFileType = sourcecode.cpp.cpp; path = biquad.cpp; sourceTree = "<group>"; };
		9DFECDFD2A87EAF800BFB1A2 /* filter_lr4.cpp */ = {isa = PBXFileReference; fileEncoding = 4; lastKnownFileType = sourcecode.cpp.cpp; path = filter_lr4.cpp; sourceTree = "<group>"; };
		9DFECDFF2A87EAF800BFB1A2 /* biquad.h */ = {isa = PBXFileReference; fileEncoding = 4; lastKnownFileType = sourcecode.c.h; path = biquad.h; sourceTree = "<group>"; };
		9DFECE062A87ECCD00BFB1A2 /* AudioBuf.cpp */ = {isa = PBXFileReference; lastKnownFileType = sourcecode.cpp.cpp; path = AudioBuf.cpp; sourceTree = "<group>"; };
		9DFECE072A87ECCD00BFB1A2 /* AudioBuf.hpp */ = {isa = PBXFileReference; lastKnownFileType = sourcecode.cpp.h; path = AudioBuf.hpp; sourceTree = "<group>"; };
/* End PBXFileReference section */

/* Begin PBXFrameworksBuildPhase section */
		9DB7A12029D7949D002E6F4E /* Frameworks */ = {
			isa = PBXFrameworksBuildPhase;
			buildActionMask = 2147483647;
			files = (
				9DF905F52BF94BBE003EAA5C /* libyaml-cppd.a in Frameworks */,
			);
			runOnlyForDeploymentPostprocessing = 0;
		};
		9DB7A13229D7949E002E6F4E /* Frameworks */ = {
			isa = PBXFrameworksBuildPhase;
			buildActionMask = 2147483647;
			files = (
			);
			runOnlyForDeploymentPostprocessing = 0;
		};
		9DB7A13C29D7949F002E6F4E /* Frameworks */ = {
			isa = PBXFrameworksBuildPhase;
			buildActionMask = 2147483647;
			files = (
			);
			runOnlyForDeploymentPostprocessing = 0;
		};
/* End PBXFrameworksBuildPhase section */

/* Begin PBXGroup section */
		9DB7A11A29D7949D002E6F4E = {
			isa = PBXGroup;
			children = (
				9DB7A12529D7949D002E6F4E /* MacSmoov */,
				9DB7A13829D7949E002E6F4E /* MacSmoovTests */,
				9DB7A14229D7949F002E6F4E /* MacSmoovUITests */,
				9DB7A12429D7949D002E6F4E /* Products */,
				9DFC35D72BB0A5E10091A8DD /* Frameworks */,
			);
			sourceTree = "<group>";
		};
		9DB7A12429D7949D002E6F4E /* Products */ = {
			isa = PBXGroup;
			children = (
				9DB7A12329D7949D002E6F4E /* MacSmoov.app */,
				9DB7A13529D7949E002E6F4E /* MacSmoovTests.xctest */,
				9DB7A13F29D7949F002E6F4E /* MacSmoovUITests.xctest */,
			);
			name = Products;
			sourceTree = "<group>";
		};
		9DB7A12529D7949D002E6F4E /* MacSmoov */ = {
			isa = PBXGroup;
			children = (
				9DFC35AE2BB0A2D80091A8DD /* yaml-cpp */,
				9DFECDF42A87EA4C00BFB1A2 /* core */,
				9DFECDF02A86F02C00BFB1A2 /* Credits.rtf */,
				9D71CFB229F83E6100436F79 /* Info.plist */,
				9DB7A12629D7949D002E6F4E /* AppDelegate.h */,
				9DB7A12729D7949D002E6F4E /* AppDelegate.m */,
				9D98C7CC29FC57AB00586A86 /* ProcessorCoreWrapper.h */,
				9D98C7C829FC579E00586A86 /* ProcessorCoreWrapper.mm */,
				9DB7A12929D7949E002E6F4E /* Assets.xcassets */,
				9DB7A12B29D7949E002E6F4E /* MainMenu.xib */,
				9DB7A12E29D7949E002E6F4E /* main.m */,
				9DB7A13029D7949E002E6F4E /* MacSmoov.entitlements */,
				9D5C638629D8E5D600E40A60 /* SignalGeneratorEngine.cpp */,
				9D5C638729D8E5D600E40A60 /* SignalGeneratorEngine.hpp */,
				9D5C638B29D9FF5400E40A60 /* SignalGeneratorEngineWrapper.mm */,
				9D5C638F29D9FF6E00E40A60 /* SignalGeneratorEngineWrapper.h */,
				9D5C639029DA03E600E40A60 /* CommonTypes.h */,
				9D5C639129DA5DE200E40A60 /* SignalGeneratorViewController.h */,
				9D5C639229DA5DE200E40A60 /* SignalGeneratorViewController.m */,
				9D5C639329DA5DE200E40A60 /* SignalGeneratorViewController.xib */,
				9D281A9129E05F57009CF125 /* SignalGenerator.m */,
				9D281A9529E05F67009CF125 /* SignalGenerator.h */,
				9D281A9629E1C5B5009CF125 /* AudioDeviceSelector.h */,
				9D281A9729E1C5B5009CF125 /* AudioDeviceSelector.m */,
				9DB4B1132BAF3D0B00F9C076 /* Patchbay.h */,
				9DB4B1102BAF3CFE00F9C076 /* Patchbay.m */,
				9D281A9829E1C5B5009CF125 /* AudioDeviceSelector.xib */,
				9DB4B10D2BAF3C2600F9C076 /* Patchbay.xib */,
				9D3A20652A9562A800C7C620 /* CompressionMeter.h */,
				9D3A20662A9562A800C7C620 /* CompressionMeter.m */,
				9DD1BF272A9A549900D7C0B2 /* CompressionMeter5band.h */,
				9DD1BF282A9A549900D7C0B2 /* CompressionMeter5band.m */,
				9DF3B70B2A80088400867EA1 /* LevelMeter.h */,
				9DF3B70C2A80088400867EA1 /* LevelMeter.m */,
				9DD141092A81E1870059864D /* OSXAudioInterface.m */,
				9DD1410C2A81E3EB0059864D /* OSXAudioInterface.h */,
				9DD1410D2A82AD420059864D /* AudioDevice.m */,
				9DD141102A82AD5B0059864D /* AudioDevice.h */,
				9D3ED85F2AFFF65C008283FC /* AGCControlsView.h */,
				9D3ED8602AFFF65C008283FC /* AGCControlsView.m */,
				9D3ED8612AFFF65C008283FC /* AGCControlsView.xib */,
				9D4517C42A9D89AD003BC1EB /* MultibandControlsView.h */,
				9D4517C52A9D89AD003BC1EB /* MultibandControlsView.m */,
				9D4517C62A9D89AD003BC1EB /* MultibandControlsView.xib */,
				9D43EA582C3907DB00C9B45B /* MultibandObjectController.m */,
				9D43EA5C2C39080000C9B45B /* MultibandObjectController.h */,
			);
			path = MacSmoov;
			sourceTree = "<group>";
		};
		9DB7A13829D7949E002E6F4E /* MacSmoovTests */ = {
			isa = PBXGroup;
			children = (
				9DB7A13929D7949E002E6F4E /* MacSmoovTests.m */,
			);
			path = MacSmoovTests;
			sourceTree = "<group>";
		};
		9DB7A14229D7949F002E6F4E /* MacSmoovUITests */ = {
			isa = PBXGroup;
			children = (
				9DB7A14329D7949F002E6F4E /* MacSmoovUITests.m */,
				9DB7A14529D7949F002E6F4E /* MacSmoovUITestsLaunchTests.m */,
			);
			path = MacSmoovUITests;
			sourceTree = "<group>";
		};
		9DFC35AE2BB0A2D80091A8DD /* yaml-cpp */ = {
			isa = PBXGroup;
			children = (
				9DFC35AF2BB0A2D80091A8DD /* traits.h */,
				9DFC35B02BB0A2D80091A8DD /* eventhandler.h */,
				9DFC35B12BB0A2D80091A8DD /* emitter.h */,
				9DFC35B22BB0A2D80091A8DD /* anchor.h */,
				9DFC35B32BB0A2D80091A8DD /* mark.h */,
				9DFC35B42BB0A2D80091A8DD /* emitterdef.h */,
				9DFC35B52BB0A2D80091A8DD /* parser.h */,
				9DFC35B62BB0A2D80091A8DD /* null.h */,
				9DFC35B72BB0A2D80091A8DD /* exceptions.h */,
				9DFC35B82BB0A2D80091A8DD /* emitterstyle.h */,
				9DFC35B92BB0A2D80091A8DD /* noexcept.h */,
				9DFC35BA2BB0A2D80091A8DD /* emittermanip.h */,
				9DFC35BB2BB0A2D80091A8DD /* emitfromevents.h */,
				9DFC35BC2BB0A2D80091A8DD /* dll.h */,
				9DFC35BD2BB0A2D80091A8DD /* contrib */,
				9DFC35C02BB0A2D80091A8DD /* yaml.h */,
				9DFC35C12BB0A2D80091A8DD /* node */,
				9DFC35D32BB0A2D80091A8DD /* ostream_wrapper.h */,
				9DFC35D42BB0A2D80091A8DD /* stlemitter.h */,
				9DFC35D52BB0A2D80091A8DD /* binary.h */,
				9DFC35D62BB0A2D80091A8DD /* depthguard.h */,
			);
			path = "yaml-cpp";
			sourceTree = "<group>";
		};
		9DFC35BD2BB0A2D80091A8DD /* contrib */ = {
			isa = PBXGroup;
			children = (
				9DFC35BE2BB0A2D80091A8DD /* graphbuilder.h */,
				9DFC35BF2BB0A2D80091A8DD /* anchordict.h */,
			);
			path = contrib;
			sourceTree = "<group>";
		};
		9DFC35C12BB0A2D80091A8DD /* node */ = {
			isa = PBXGroup;
			children = (
				9DFC35C22BB0A2D80091A8DD /* type.h */,
				9DFC35C32BB0A2D80091A8DD /* parse.h */,
				9DFC35C42BB0A2D80091A8DD /* node.h */,
				9DFC35C52BB0A2D80091A8DD /* detail */,
				9DFC35CE2BB0A2D80091A8DD /* ptr.h */,
				9DFC35CF2BB0A2D80091A8DD /* convert.h */,
				9DFC35D02BB0A2D80091A8DD /* impl.h */,
				9DFC35D12BB0A2D80091A8DD /* emit.h */,
				9DFC35D22BB0A2D80091A8DD /* iterator.h */,
			);
			path = node;
			sourceTree = "<group>";
		};
		9DFC35C52BB0A2D80091A8DD /* detail */ = {
			isa = PBXGroup;
			children = (
				9DFC35C62BB0A2D80091A8DD /* node_data.h */,
				9DFC35C72BB0A2D80091A8DD /* node_ref.h */,
				9DFC35C82BB0A2D80091A8DD /* node.h */,
				9DFC35C92BB0A2D80091A8DD /* memory.h */,
				9DFC35CA2BB0A2D80091A8DD /* node_iterator.h */,
				9DFC35CB2BB0A2D80091A8DD /* impl.h */,
				9DFC35CC2BB0A2D80091A8DD /* iterator_fwd.h */,
				9DFC35CD2BB0A2D80091A8DD /* iterator.h */,
			);
			path = detail;
			sourceTree = "<group>";
		};
		9DFC35D72BB0A5E10091A8DD /* Frameworks */ = {
			isa = PBXGroup;
			children = (
				9DFC35D82BB0A5E10091A8DD /* libyaml-cppd.a */,
			);
			name = Frameworks;
			sourceTree = "<group>";
		};
		9DFECDF42A87EA4C00BFB1A2 /* core */ = {
			isa = PBXGroup;
			children = (
				9DFECDF92A87EAC500BFB1A2 /* core_utils */,
				9D4517C32A9D8799003BC1EB /* core_common.h */,
				9DC11C792BCACC6600263F73 /* CoreConfig.h */,
				9DC11C7A2BCACCE000263F73 /* CoreConfig.cpp */,
				9DC11C7D2BCAF8C200263F73 /* CoreStack.cpp */,
				9DC11C7E2BCAF8C200263F73 /* CoreStack.hpp */,
				9D9806D329EB849200B98415 /* ProcessorCore.cpp */,
				9D9806D429EB849200B98415 /* ProcessorCore.hpp */,
				9D81E9B12A5B2CC6007D46EF /* ProcessorModule.cpp */,
				9D81E9B22A5B2CC6007D46EF /* ProcessorModule.hpp */,
				9D54D8AF2ADC2F85006C3F57 /* ProcModDelay.cpp */,
				9D54D8AE2ADC2F85006C3F57 /* ProcModDelay.hpp */,
				9DFECDEF2A86D82A00BFB1A2 /* ProcModGain.hpp */,
				9DFECDEC2A86D80D00BFB1A2 /* ProcModGain.cpp */,
				9D81E9B62A5B2D70007D46EF /* ProcModLevelMeter.cpp */,
				9D81E9B72A5B2D70007D46EF /* ProcModLevelMeter.hpp */,
				9D8EC53E2A8B1901006C1E09 /* ProcModStereoEnhance.cpp */,
				9D8EC53D2A8B1901006C1E09 /* ProcModStereoEnhance.hpp */,
				9D6392DA2C89219400F52366 /* ProcMod2BandAGC.hpp */,
				9DFECDF52A87EAAF00BFB1A2 /* ProcMod2BandAGC.cpp */,
				9DFECDF62A87EAAF00BFB1A2 /* ProcModBassClipper.hpp */,
				9D6392DB2C8921A000F52366 /* ProcModBassClipper.cpp */,
				9D037C962AB5F604002B2638 /* ProcModHFEnhance.cpp */,
				9D037C952AB5F604002B2638 /* ProcModHFEnhance.hpp */,
				9DEF3B452A9D2311004E78F3 /* ProcMod5bandCrossover.cpp */,
				9DEF3B442A9D2311004E78F3 /* ProcMod5bandCrossover.hpp */,
				9DD1BF2B2A9A811400D7C0B2 /* ProcMod5bandCompressor.cpp */,
				9DD1BF2A2A9A811400D7C0B2 /* ProcMod5bandCompressor.hpp */,
				9D86ADF22C9DD71F0025B964 /* ProcModLookaheadLimiter.h */,
				9D86ADF32C9DD7330025B964 /* ProcModLookaheadLimiter.cpp */,
			);
			path = core;
			sourceTree = "<group>";
		};
		9DFECDF92A87EAC500BFB1A2 /* core_utils */ = {
			isa = PBXGroup;
			children = (
				9D86506B2D43604400F32A87 /* simple_gain.cpp */,
				9D86506C2D43604400F32A87 /* simple_gain.hpp */,
				9DB46A982D416328005E238E /* compressor.cpp */,
				9DB46A992D416328005E238E /* compressor.h */,
				9DDD8AFC2AB766CC00F566F0 /* running_rms.cpp */,
				9DDD8AFB2AB766CC00F566F0 /* running_rms.h */,
				9D037C9C2AB6098A002B2638 /* filter_el.cpp */,
				9D037C9D2AB6098A002B2638 /* filter_el.h */,
				9D037C992AB60617002B2638 /* filter_3rdorder.cpp */,
				9D037C9A2AB60617002B2638 /* filter_3rdorder.h */,
				9DA7C1272A5E4D4700A01D92 /* LPFSinglePole.cpp */,
				9DA7C1282A5E4D4700A01D92 /* LPFSinglePole.hpp */,
				9DB012862A71C376009BFCD8 /* CircularBuffer.cpp */,
				9DB012872A71C376009BFCD8 /* CircularBuffer.hpp */,
				9DD1BF2D2A9AA07700D7C0B2 /* crossover_5_band.cpp */,
				9DD1BF2E2A9AA07700D7C0B2 /* crossover_5_band.h */,
				9D8EC5482A8C5A86006C1E09 /* vca_proportional.cpp */,
				9D8EC5472A8C5A86006C1E09 /* vca_proportional.h */,
				9D8EC5442A8BFFA0006C1E09 /* vca.cpp */,
				9D8EC5452A8BFFA0006C1E09 /* vca.h */,
				9DFECDFB2A87EAF800BFB1A2 /* biquad.cpp */,
				9DFECDFF2A87EAF800BFB1A2 /* biquad.h */,
				9DFECDFA2A87EAF800BFB1A2 /* filter_lr4.h */,
				9DFECDFD2A87EAF800BFB1A2 /* filter_lr4.cpp */,
				9DE7B68A2C861CDA00313951 /* allpass_filter_lr4.h */,
				9DE7B68B2C861CE600313951 /* allpass_filter_lr4.cp */,
				9DFECE062A87ECCD00BFB1A2 /* AudioBuf.cpp */,
				9DFECE072A87ECCD00BFB1A2 /* AudioBuf.hpp */,
				9DD141052A81C5D60059864D /* LogLinConverter.cpp */,
				9DD141062A81C5D60059864D /* LogLinConverter.hpp */,
				9DC11C812BCAFFC300263F73 /* channel_map.cpp */,
				9DC11C822BCAFFC300263F73 /* channel_map.hpp */,
				9DE7B6852C86187600313951 /* butterworth.cpp */,
				9DE7B6862C86187600313951 /* butterworth.h */,
			);
			path = core_utils;
			sourceTree = "<group>";
		};
/* End PBXGroup section */

/* Begin PBXNativeTarget section */
		9DB7A12229D7949D002E6F4E /* MacSmoov */ = {
			isa = PBXNativeTarget;
			buildConfigurationList = 9DB7A14929D7949F002E6F4E /* Build configuration list for PBXNativeTarget "MacSmoov" */;
			buildPhases = (
				9DB7A11F29D7949D002E6F4E /* Sources */,
				9DB7A12029D7949D002E6F4E /* Frameworks */,
				9DB7A12129D7949D002E6F4E /* Resources */,
				9DFECDF32A86F28800BFB1A2 /* ShellScript */,
			);
			buildRules = (
			);
			dependencies = (
			);
			name = MacSmoov;
			productName = MacSmoov;
			productReference = 9DB7A12329D7949D002E6F4E /* MacSmoov.app */;
			productType = "com.apple.product-type.application";
		};
		9DB7A13429D7949E002E6F4E /* MacSmoovTests */ = {
			isa = PBXNativeTarget;
			buildConfigurationList = 9DB7A14C29D7949F002E6F4E /* Build configuration list for PBXNativeTarget "MacSmoovTests" */;
			buildPhases = (
				9DB7A13129D7949E002E6F4E /* Sources */,
				9DB7A13229D7949E002E6F4E /* Frameworks */,
				9DB7A13329D7949E002E6F4E /* Resources */,
			);
			buildRules = (
			);
			dependencies = (
				9DB7A13729D7949E002E6F4E /* PBXTargetDependency */,
			);
			name = MacSmoovTests;
			productName = MacSmoovTests;
			productReference = 9DB7A13529D7949E002E6F4E /* MacSmoovTests.xctest */;
			productType = "com.apple.product-type.bundle.unit-test";
		};
		9DB7A13E29D7949F002E6F4E /* MacSmoovUITests */ = {
			isa = PBXNativeTarget;
			buildConfigurationList = 9DB7A14F29D7949F002E6F4E /* Build configuration list for PBXNativeTarget "MacSmoovUITests" */;
			buildPhases = (
				9DB7A13B29D7949F002E6F4E /* Sources */,
				9DB7A13C29D7949F002E6F4E /* Frameworks */,
				9DB7A13D29D7949F002E6F4E /* Resources */,
			);
			buildRules = (
			);
			dependencies = (
				9DB7A14129D7949F002E6F4E /* PBXTargetDependency */,
			);
			name = MacSmoovUITests;
			productName = MacSmoovUITests;
			productReference = 9DB7A13F29D7949F002E6F4E /* MacSmoovUITests.xctest */;
			productType = "com.apple.product-type.bundle.ui-testing";
		};
/* End PBXNativeTarget section */

/* Begin PBXProject section */
		9DB7A11B29D7949D002E6F4E /* Project object */ = {
			isa = PBXProject;
			attributes = {
				BuildIndependentTargetsInParallel = 1;
				LastUpgradeCheck = 1320;
				TargetAttributes = {
					9DB7A12229D7949D002E6F4E = {
						CreatedOnToolsVersion = 13.2.1;
					};
					9DB7A13429D7949E002E6F4E = {
						CreatedOnToolsVersion = 13.2.1;
						TestTargetID = 9DB7A12229D7949D002E6F4E;
					};
					9DB7A13E29D7949F002E6F4E = {
						CreatedOnToolsVersion = 13.2.1;
						TestTargetID = 9DB7A12229D7949D002E6F4E;
					};
				};
			};
			buildConfigurationList = 9DB7A11E29D7949D002E6F4E /* Build configuration list for PBXProject "MacSmoov" */;
			compatibilityVersion = "Xcode 13.0";
			developmentRegion = en;
			hasScannedForEncodings = 0;
			knownRegions = (
				en,
				Base,
			);
			mainGroup = 9DB7A11A29D7949D002E6F4E;
			productRefGroup = 9DB7A12429D7949D002E6F4E /* Products */;
			projectDirPath = "";
			projectRoot = "";
			targets = (
				9DB7A12229D7949D002E6F4E /* MacSmoov */,
				9DB7A13429D7949E002E6F4E /* MacSmoovTests */,
				9DB7A13E29D7949F002E6F4E /* MacSmoovUITests */,
			);
		};
/* End PBXProject section */

/* Begin PBXResourcesBuildPhase section */
		9DB7A12129D7949D002E6F4E /* Resources */ = {
			isa = PBXResourcesBuildPhase;
			buildActionMask = 2147483647;
			files = (
				9DB7A12A29D7949E002E6F4E /* Assets.xcassets in Resources */,
				9DB4B10E2BAF3C2600F9C076 /* Patchbay.xib in Resources */,
				9DB7A12D29D7949E002E6F4E /* MainMenu.xib in Resources */,
				9D5C639729DA5DE200E40A60 /* SignalGeneratorViewController.xib in Resources */,
				9D3ED8652AFFF65D008283FC /* AGCControlsView.xib in Resources */,
				9D4517CA2A9D89AD003BC1EB /* MultibandControlsView.xib in Resources */,
				9D281A9C29E1C5B5009CF125 /* AudioDeviceSelector.xib in Resources */,
				9DFECDF12A86F02C00BFB1A2 /* Credits.rtf in Resources */,
			);
			runOnlyForDeploymentPostprocessing = 0;
		};
		9DB7A13329D7949E002E6F4E /* Resources */ = {
			isa = PBXResourcesBuildPhase;
			buildActionMask = 2147483647;
			files = (
				9D5C639829DA5DE200E40A60 /* SignalGeneratorViewController.xib in Resources */,
				9D4517CB2A9D89AD003BC1EB /* MultibandControlsView.xib in Resources */,
				9D3ED8662AFFF65D008283FC /* AGCControlsView.xib in Resources */,
				9DFECDF22A86F02C00BFB1A2 /* Credits.rtf in Resources */,
				9D281A9D29E1C5B5009CF125 /* AudioDeviceSelector.xib in Resources */,
			);
			runOnlyForDeploymentPostprocessing = 0;
		};
		9DB7A13D29D7949F002E6F4E /* Resources */ = {
			isa = PBXResourcesBuildPhase;
			buildActionMask = 2147483647;
			files = (
				9DB4B10F2BAF3C2600F9C076 /* Patchbay.xib in Resources */,
				9D4517CC2A9D89AD003BC1EB /* MultibandControlsView.xib in Resources */,
				9D5C639929DA5DE200E40A60 /* SignalGeneratorViewController.xib in Resources */,
				9D3ED8672AFFF65D008283FC /* AGCControlsView.xib in Resources */,
				9D281A9E29E1C5B5009CF125 /* AudioDeviceSelector.xib in Resources */,
			);
			runOnlyForDeploymentPostprocessing = 0;
		};
/* End PBXResourcesBuildPhase section */

/* Begin PBXShellScriptBuildPhase section */
		9DFECDF32A86F28800BFB1A2 /* ShellScript */ = {
			isa = PBXShellScriptBuildPhase;
			buildActionMask = 2147483647;
			files = (
			);
			inputFileListPaths = (
			);
			inputPaths = (
			);
			outputFileListPaths = (
			);
			outputPaths = (
			);
			runOnlyForDeploymentPostprocessing = 0;
			shellPath = /bin/sh;
			shellScript = "# Type a script or drag a script file from your workspace to insert its path.\n";
		};
/* End PBXShellScriptBuildPhase section */

/* Begin PBXSourcesBuildPhase section */
		9DB7A11F29D7949D002E6F4E /* Sources */ = {
			isa = PBXSourcesBuildPhase;
			buildActionMask = 2147483647;
			files = (
				9DFECDF72A87EAAF00BFB1A2 /* ProcMod2BandAGC.cpp in Sources */,
				9DFECDED2A86D80D00BFB1A2 /* ProcModGain.cpp in Sources */,
				9DB46A9A2D416328005E238E /* compressor.cpp in Sources */,
				9D4517C72A9D89AD003BC1EB /* MultibandControlsView.m in Sources */,
				9D037C9E2AB6098B002B2638 /* filter_el.cpp in Sources */,
				9D8EC5492A8C5A86006C1E09 /* vca_proportional.cpp in Sources */,
				9DE7B6872C86187600313951 /* butterworth.cpp in Sources */,
				9DB012882A71C376009BFCD8 /* CircularBuffer.cpp in Sources */,
				9D86506D2D43604400F32A87 /* simple_gain.cpp in Sources */,
				9D6392DC2C8921A000F52366 /* ProcModBassClipper.cpp in Sources */,
				9D5C639429DA5DE200E40A60 /* SignalGeneratorViewController.m in Sources */,
				9D98C7C929FC579E00586A86 /* ProcessorCoreWrapper.mm in Sources */,
				9DD1BF292A9A549900D7C0B2 /* CompressionMeter5band.m in Sources */,
				9D3ED8622AFFF65D008283FC /* AGCControlsView.m in Sources */,
				9D5C638829D8E5D600E40A60 /* SignalGeneratorEngine.cpp in Sources */,
				9DA7C1292A5E4D4700A01D92 /* LPFSinglePole.cpp in Sources */,
				9D5C638C29D9FF5400E40A60 /* SignalGeneratorEngineWrapper.mm in Sources */,
				9DFECE002A87EAF800BFB1A2 /* biquad.cpp in Sources */,
				9D037C972AB5F604002B2638 /* ProcModHFEnhance.cpp in Sources */,
				9D9806D529EB849200B98415 /* ProcessorCore.cpp in Sources */,
				9DB7A12F29D7949E002E6F4E /* main.m in Sources */,
				9DC11C7B2BCACCE000263F73 /* CoreConfig.cpp in Sources */,
				9D3A20672A9562A800C7C620 /* CompressionMeter.m in Sources */,
				9D8EC5462A8BFFA0006C1E09 /* vca.cpp in Sources */,
				9D81E9B32A5B2CC6007D46EF /* ProcessorModule.cpp in Sources */,
				9DFECE082A87ECCD00BFB1A2 /* AudioBuf.cpp in Sources */,
				9DB7A12829D7949D002E6F4E /* AppDelegate.m in Sources */,
				9DD1BF2F2A9AA07700D7C0B2 /* crossover_5_band.cpp in Sources */,
				9D037C9B2AB60617002B2638 /* filter_3rdorder.cpp in Sources */,
				9D86ADF42C9DD7330025B964 /* ProcModLookaheadLimiter.cpp in Sources */,
				9D281A9229E05F57009CF125 /* SignalGenerator.m in Sources */,
				9DF3B70D2A80088400867EA1 /* LevelMeter.m in Sources */,
				9DD141072A81C5D60059864D /* LogLinConverter.cpp in Sources */,
				9DDD8AFD2AB766CC00F566F0 /* running_rms.cpp in Sources */,
				9D281A9929E1C5B5009CF125 /* AudioDeviceSelector.m in Sources */,
				9DD1410A2A81E1870059864D /* OSXAudioInterface.m in Sources */,
				9DFECE042A87EAF800BFB1A2 /* filter_lr4.cpp in Sources */,
				9DB4B1112BAF3CFE00F9C076 /* Patchbay.m in Sources */,
				9DD1BF2C2A9A811500D7C0B2 /* ProcMod5bandCompressor.cpp in Sources */,
				9DD1410E2A82AD420059864D /* AudioDevice.m in Sources */,
				9DC11C7F2BCAF8C200263F73 /* CoreStack.cpp in Sources */,
				9DE7B68C2C861CE600313951 /* allpass_filter_lr4.cp in Sources */,
				9D54D8B02ADC2F85006C3F57 /* ProcModDelay.cpp in Sources */,
				9D81E9B82A5B2D70007D46EF /* ProcModLevelMeter.cpp in Sources */,
				9D8EC53F2A8B1901006C1E09 /* ProcModStereoEnhance.cpp in Sources */,
				9D43EA592C3907DB00C9B45B /* MultibandObjectController.m in Sources */,
				9DC11C832BCAFFC300263F73 /* channel_map.cpp in Sources */,
				9DEF3B462A9D2311004E78F3 /* ProcMod5bandCrossover.cpp in Sources */,
			);
			runOnlyForDeploymentPostprocessing = 0;
		};
		9DB7A13129D7949E002E6F4E /* Sources */ = {
			isa = PBXSourcesBuildPhase;
			buildActionMask = 2147483647;
			files = (
				9D5C638D29D9FF5400E40A60 /* SignalGeneratorEngineWrapper.mm in Sources */,
				9D8EC5402A8B1901006C1E09 /* ProcModStereoEnhance.cpp in Sources */,
				9DC11C7C2BCACCE000263F73 /* CoreConfig.cpp in Sources */,
				9D281A9A29E1C5B5009CF125 /* AudioDeviceSelector.m in Sources */,
				9DFECE092A87ECCD00BFB1A2 /* AudioBuf.cpp in Sources */,
				9D9806D629EB849200B98415 /* ProcessorCore.cpp in Sources */,
				9DFECE052A87EAF800BFB1A2 /* filter_lr4.cpp in Sources */,
				9DB012892A71C376009BFCD8 /* CircularBuffer.cpp in Sources */,
				9D86506E2D43604400F32A87 /* simple_gain.cpp in Sources */,
				9D43EA5A2C3907DB00C9B45B /* MultibandObjectController.m in Sources */,
				9D81E9B42A5B2CC6007D46EF /* ProcessorModule.cpp in Sources */,
				9DFECDF82A87EAAF00BFB1A2 /* ProcMod2BandAGC.cpp in Sources */,
				9D3A20682A9562A800C7C620 /* CompressionMeter.m in Sources */,
				9DB7A13A29D7949E002E6F4E /* MacSmoovTests.m in Sources */,
				9D81E9B92A5B2D70007D46EF /* ProcModLevelMeter.cpp in Sources */,
				9D6392DD2C8921A000F52366 /* ProcModBassClipper.cpp in Sources */,
				9DE7B68D2C861CE600313951 /* allpass_filter_lr4.cp in Sources */,
				9D54D8B12ADC2F85006C3F57 /* ProcModDelay.cpp in Sources */,
				9D98C7CA29FC579E00586A86 /* ProcessorCoreWrapper.mm in Sources */,
				9D3ED8632AFFF65D008283FC /* AGCControlsView.m in Sources */,
				9D281A9329E05F57009CF125 /* SignalGenerator.m in Sources */,
				9D5C639529DA5DE200E40A60 /* SignalGeneratorViewController.m in Sources */,
				9DD1410B2A81E1870059864D /* OSXAudioInterface.m in Sources */,
				9DFECE012A87EAF800BFB1A2 /* biquad.cpp in Sources */,
				9D037C982AB5F723002B2638 /* ProcModHFEnhance.cpp in Sources */,
				9DD141082A81C5D60059864D /* LogLinConverter.cpp in Sources */,
				9DD1410F2A82AD420059864D /* AudioDevice.m in Sources */,
				9DA7C12A2A5E4D4700A01D92 /* LPFSinglePole.cpp in Sources */,
				9D4517C82A9D89AD003BC1EB /* MultibandControlsView.m in Sources */,
				9DB46A9B2D416328005E238E /* compressor.cpp in Sources */,
				9DEF3B432A9D0FD0004E78F3 /* crossover_5_band.cpp in Sources */,
				9DFECDEE2A86D80D00BFB1A2 /* ProcModGain.cpp in Sources */,
				9D86ADF52C9DD7330025B964 /* ProcModLookaheadLimiter.cpp in Sources */,
				9DE7B6882C86187600313951 /* butterworth.cpp in Sources */,
				9DC11C802BCAF8C200263F73 /* CoreStack.cpp in Sources */,
				9DF3B70E2A80088400867EA1 /* LevelMeter.m in Sources */,
				9DC11C842BCAFFC300263F73 /* channel_map.cpp in Sources */,
				9D5C638929D8E5D600E40A60 /* SignalGeneratorEngine.cpp in Sources */,
			);
			runOnlyForDeploymentPostprocessing = 0;
		};
		9DB7A13B29D7949F002E6F4E /* Sources */ = {
			isa = PBXSourcesBuildPhase;
			buildActionMask = 2147483647;
			files = (
				9DE7B68E2C861CE600313951 /* allpass_filter_lr4.cp in Sources */,
				9DA7C12B2A5E4D4700A01D92 /* LPFSinglePole.cpp in Sources */,
				9DB4B1122BAF3CFE00F9C076 /* Patchbay.m in Sources */,
				9D5C639629DA5DE200E40A60 /* SignalGeneratorViewController.m in Sources */,
				9DB0128A2A71C376009BFCD8 /* CircularBuffer.cpp in Sources */,
				9D4517C92A9D89AD003BC1EB /* MultibandControlsView.m in Sources */,
				9D3ED8642AFFF65D008283FC /* AGCControlsView.m in Sources */,
				9DE7B6892C86187600313951 /* butterworth.cpp in Sources */,
				9D81E9BA2A5B2D70007D46EF /* ProcModLevelMeter.cpp in Sources */,
				9D86506F2D43604400F32A87 /* simple_gain.cpp in Sources */,
				9D5C638A29D8E5D600E40A60 /* SignalGeneratorEngine.cpp in Sources */,
				9D81E9B52A5B2CC6007D46EF /* ProcessorModule.cpp in Sources */,
				9D5C638E29D9FF5400E40A60 /* SignalGeneratorEngineWrapper.mm in Sources */,
				9D3A20692A9562A800C7C620 /* CompressionMeter.m in Sources */,
				9D98C7CB29FC579E00586A86 /* ProcessorCoreWrapper.mm in Sources */,
				9D6392DE2C8921A000F52366 /* ProcModBassClipper.cpp in Sources */,
				9D43EA5B2C3907DB00C9B45B /* MultibandObjectController.m in Sources */,
				9DB46A9C2D416328005E238E /* compressor.cpp in Sources */,
				9DB7A14429D7949F002E6F4E /* MacSmoovUITests.m in Sources */,
				9DB7A14629D7949F002E6F4E /* MacSmoovUITestsLaunchTests.m in Sources */,
				9D86ADF62C9DD7330025B964 /* ProcModLookaheadLimiter.cpp in Sources */,
				9D281A9429E05F57009CF125 /* SignalGenerator.m in Sources */,
				9D281A9B29E1C5B5009CF125 /* AudioDeviceSelector.m in Sources */,
			);
			runOnlyForDeploymentPostprocessing = 0;
		};
/* End PBXSourcesBuildPhase section */

/* Begin PBXTargetDependency section */
		9DB7A13729D7949E002E6F4E /* PBXTargetDependency */ = {
			isa = PBXTargetDependency;
			target = 9DB7A12229D7949D002E6F4E /* MacSmoov */;
			targetProxy = 9DB7A13629D7949E002E6F4E /* PBXContainerItemProxy */;
		};
		9DB7A14129D7949F002E6F4E /* PBXTargetDependency */ = {
			isa = PBXTargetDependency;
			target = 9DB7A12229D7949D002E6F4E /* MacSmoov */;
			targetProxy = 9DB7A14029D7949F002E6F4E /* PBXContainerItemProxy */;
		};
/* End PBXTargetDependency section */

/* Begin PBXVariantGroup section */
		9DB7A12B29D7949E002E6F4E /* MainMenu.xib */ = {
			isa = PBXVariantGroup;
			children = (
				9DB7A12C29D7949E002E6F4E /* Base */,
			);
			name = MainMenu.xib;
			sourceTree = "<group>";
		};
/* End PBXVariantGroup section */

/* Begin XCBuildConfiguration section */
		9DB7A14729D7949F002E6F4E /* Debug */ = {
			isa = XCBuildConfiguration;
			buildSettings = {
				ALWAYS_SEARCH_USER_PATHS = NO;
				CLANG_ANALYZER_NONNULL = YES;
				CLANG_ANALYZER_NUMBER_OBJECT_CONVERSION = YES_AGGRESSIVE;
				CLANG_CXX_LANGUAGE_STANDARD = "gnu++17";
				CLANG_CXX_LIBRARY = "libc++";
				CLANG_ENABLE_MODULES = YES;
				CLANG_ENABLE_OBJC_ARC = YES;
				CLANG_ENABLE_OBJC_WEAK = YES;
				CLANG_WARN_BLOCK_CAPTURE_AUTORELEASING = YES;
				CLANG_WARN_BOOL_CONVERSION = YES;
				CLANG_WARN_COMMA = YES;
				CLANG_WARN_CONSTANT_CONVERSION = YES;
				CLANG_WARN_DEPRECATED_OBJC_IMPLEMENTATIONS = YES;
				CLANG_WARN_DIRECT_OBJC_ISA_USAGE = YES_ERROR;
				CLANG_WARN_DOCUMENTATION_COMMENTS = YES;
				CLANG_WARN_EMPTY_BODY = YES;
				CLANG_WARN_ENUM_CONVERSION = YES;
				CLANG_WARN_INFINITE_RECURSION = YES;
				CLANG_WARN_INT_CONVERSION = YES;
				CLANG_WARN_NON_LITERAL_NULL_CONVERSION = YES;
				CLANG_WARN_OBJC_IMPLICIT_RETAIN_SELF = YES;
				CLANG_WARN_OBJC_LITERAL_CONVERSION = YES;
				CLANG_WARN_OBJC_ROOT_CLASS = YES_ERROR;
				CLANG_WARN_QUOTED_INCLUDE_IN_FRAMEWORK_HEADER = YES;
				CLANG_WARN_RANGE_LOOP_ANALYSIS = YES;
				CLANG_WARN_STRICT_PROTOTYPES = YES;
				CLANG_WARN_SUSPICIOUS_MOVE = YES;
				CLANG_WARN_UNGUARDED_AVAILABILITY = YES_AGGRESSIVE;
				CLANG_WARN_UNREACHABLE_CODE = YES;
				CLANG_WARN__DUPLICATE_METHOD_MATCH = YES;
				COPY_PHASE_STRIP = NO;
				DEBUG_INFORMATION_FORMAT = dwarf;
				ENABLE_STRICT_OBJC_MSGSEND = YES;
				ENABLE_TESTABILITY = YES;
				GCC_C_LANGUAGE_STANDARD = gnu11;
				GCC_DYNAMIC_NO_PIC = NO;
				GCC_NO_COMMON_BLOCKS = YES;
				GCC_OPTIMIZATION_LEVEL = 0;
				GCC_PREPROCESSOR_DEFINITIONS = (
					"DEBUG=1",
					"$(inherited)",
				);
				GCC_WARN_64_TO_32_BIT_CONVERSION = YES;
				GCC_WARN_ABOUT_RETURN_TYPE = YES_ERROR;
				GCC_WARN_UNDECLARED_SELECTOR = YES;
				GCC_WARN_UNINITIALIZED_AUTOS = YES_AGGRESSIVE;
				GCC_WARN_UNUSED_FUNCTION = YES;
				GCC_WARN_UNUSED_VARIABLE = YES;
				MACOSX_DEPLOYMENT_TARGET = 11.6;
				MTL_ENABLE_DEBUG_INFO = INCLUDE_SOURCE;
				MTL_FAST_MATH = YES;
				ONLY_ACTIVE_ARCH = YES;
				SDKROOT = macosx;
			};
			name = Debug;
		};
		9DB7A14829D7949F002E6F4E /* Release */ = {
			isa = XCBuildConfiguration;
			buildSettings = {
				ALWAYS_SEARCH_USER_PATHS = NO;
				CLANG_ANALYZER_NONNULL = YES;
				CLANG_ANALYZER_NUMBER_OBJECT_CONVERSION = YES_AGGRESSIVE;
				CLANG_CXX_LANGUAGE_STANDARD = "gnu++17";
				CLANG_CXX_LIBRARY = "libc++";
				CLANG_ENABLE_MODULES = YES;
				CLANG_ENABLE_OBJC_ARC = YES;
				CLANG_ENABLE_OBJC_WEAK = YES;
				CLANG_WARN_BLOCK_CAPTURE_AUTORELEASING = YES;
				CLANG_WARN_BOOL_CONVERSION = YES;
				CLANG_WARN_COMMA = YES;
				CLANG_WARN_CONSTANT_CONVERSION = YES;
				CLANG_WARN_DEPRECATED_OBJC_IMPLEMENTATIONS = YES;
				CLANG_WARN_DIRECT_OBJC_ISA_USAGE = YES_ERROR;
				CLANG_WARN_DOCUMENTATION_COMMENTS = YES;
				CLANG_WARN_EMPTY_BODY = YES;
				CLANG_WARN_ENUM_CONVERSION = YES;
				CLANG_WARN_INFINITE_RECURSION = YES;
				CLANG_WARN_INT_CONVERSION = YES;
				CLANG_WARN_NON_LITERAL_NULL_CONVERSION = YES;
				CLANG_WARN_OBJC_IMPLICIT_RETAIN_SELF = YES;
				CLANG_WARN_OBJC_LITERAL_CONVERSION = YES;
				CLANG_WARN_OBJC_ROOT_CLASS = YES_ERROR;
				CLANG_WARN_QUOTED_INCLUDE_IN_FRAMEWORK_HEADER = YES;
				CLANG_WARN_RANGE_LOOP_ANALYSIS = YES;
				CLANG_WARN_STRICT_PROTOTYPES = YES;
				CLANG_WARN_SUSPICIOUS_MOVE = YES;
				CLANG_WARN_UNGUARDED_AVAILABILITY = YES_AGGRESSIVE;
				CLANG_WARN_UNREACHABLE_CODE = YES;
				CLANG_WARN__DUPLICATE_METHOD_MATCH = YES;
				COPY_PHASE_STRIP = NO;
				DEBUG_INFORMATION_FORMAT = "dwarf-with-dsym";
				ENABLE_NS_ASSERTIONS = NO;
				ENABLE_STRICT_OBJC_MSGSEND = YES;
				GCC_C_LANGUAGE_STANDARD = gnu11;
				GCC_NO_COMMON_BLOCKS = YES;
				GCC_WARN_64_TO_32_BIT_CONVERSION = YES;
				GCC_WARN_ABOUT_RETURN_TYPE = YES_ERROR;
				GCC_WARN_UNDECLARED_SELECTOR = YES;
				GCC_WARN_UNINITIALIZED_AUTOS = YES_AGGRESSIVE;
				GCC_WARN_UNUSED_FUNCTION = YES;
				GCC_WARN_UNUSED_VARIABLE = YES;
				MACOSX_DEPLOYMENT_TARGET = 11.6;
				MTL_ENABLE_DEBUG_INFO = NO;
				MTL_FAST_MATH = YES;
				SDKROOT = macosx;
			};
			name = Release;
		};
		9DB7A14A29D7949F002E6F4E /* Debug */ = {
			isa = XCBuildConfiguration;
			buildSettings = {
				ASSETCATALOG_COMPILER_APPICON_NAME = AppIcon;
				ASSETCATALOG_COMPILER_GLOBAL_ACCENT_COLOR_NAME = AccentColor;
				ASSETCATALOG_COMPILER_INCLUDE_ALL_APPICON_ASSETS = YES;
				CLANG_ADDRESS_SANITIZER_CONTAINER_OVERFLOW = YES;
				CODE_SIGN_ENTITLEMENTS = MacSmoov/MacSmoov.entitlements;
				CODE_SIGN_STYLE = Automatic;
				COMBINE_HIDPI_IMAGES = YES;
				CURRENT_PROJECT_VERSION = 237;
				DEVELOPMENT_ASSET_PATHS = "";
				ENABLE_HARDENED_RUNTIME = YES;
				GENERATE_INFOPLIST_FILE = YES;
				HEADER_SEARCH_PATHS = "/opt/repos/yaml-cpp/include/";
				INFOPLIST_FILE = MacSmoov/Info.plist;
				INFOPLIST_KEY_NSHumanReadableCopyright = "";
				INFOPLIST_KEY_NSMainNibFile = MainMenu;
				INFOPLIST_KEY_NSMicrophoneUsageDescription = "MacSmoov needs the ability to capture audio.";
				INFOPLIST_KEY_NSPrincipalClass = NSApplication;
				LD_RUNPATH_SEARCH_PATHS = (
					"$(inherited)",
					"@executable_path/../Frameworks",
				);
				LIBRARY_SEARCH_PATHS = "/opt/repos/yaml-cpp/build/Debug";
				MACOSX_DEPLOYMENT_TARGET = 10.15;
				MARKETING_VERSION = 0.5;
				PRODUCT_BUNDLE_IDENTIFIER = com.tonekids.osx.MacSmoov;
				PRODUCT_NAME = "$(TARGET_NAME)";
				SWIFT_EMIT_LOC_STRINGS = YES;
			};
			name = Debug;
		};
		9DB7A14B29D7949F002E6F4E /* Release */ = {
			isa = XCBuildConfiguration;
			buildSettings = {
				ASSETCATALOG_COMPILER_APPICON_NAME = AppIcon;
				ASSETCATALOG_COMPILER_GLOBAL_ACCENT_COLOR_NAME = AccentColor;
				ASSETCATALOG_COMPILER_INCLUDE_ALL_APPICON_ASSETS = YES;
				CLANG_ADDRESS_SANITIZER_CONTAINER_OVERFLOW = YES;
				CODE_SIGN_ENTITLEMENTS = MacSmoov/MacSmoov.entitlements;
				CODE_SIGN_STYLE = Automatic;
				COMBINE_HIDPI_IMAGES = YES;
				CURRENT_PROJECT_VERSION = 237;
				DEVELOPMENT_ASSET_PATHS = "";
				ENABLE_HARDENED_RUNTIME = YES;
				GENERATE_INFOPLIST_FILE = YES;
				HEADER_SEARCH_PATHS = "/opt/repos/yaml-cpp/include/";
				INFOPLIST_FILE = MacSmoov/Info.plist;
				INFOPLIST_KEY_NSHumanReadableCopyright = "";
				INFOPLIST_KEY_NSMainNibFile = MainMenu;
				INFOPLIST_KEY_NSMicrophoneUsageDescription = "MacSmoov needs the ability to capture audio.";
				INFOPLIST_KEY_NSPrincipalClass = NSApplication;
				LD_RUNPATH_SEARCH_PATHS = (
					"$(inherited)",
					"@executable_path/../Frameworks",
				);
				LIBRARY_SEARCH_PATHS = "/opt/repos/yaml-cpp/build/Debug";
				MACOSX_DEPLOYMENT_TARGET = 10.15;
				MARKETING_VERSION = 0.5;
				PRODUCT_BUNDLE_IDENTIFIER = com.tonekids.osx.MacSmoov;
				PRODUCT_NAME = "$(TARGET_NAME)";
				SWIFT_EMIT_LOC_STRINGS = YES;
			};
			name = Release;
		};
		9DB7A14D29D7949F002E6F4E /* Debug */ = {
			isa = XCBuildConfiguration;
			buildSettings = {
				BUNDLE_LOADER = "$(TEST_HOST)";
				CODE_SIGN_STYLE = Automatic;
				CURRENT_PROJECT_VERSION = 237;
				GENERATE_INFOPLIST_FILE = YES;
				MACOSX_DEPLOYMENT_TARGET = 11.6;
				MARKETING_VERSION = 1.0;
				PRODUCT_BUNDLE_IDENTIFIER = com.tonekids.osx.MacSmoovTests;
				PRODUCT_NAME = "$(TARGET_NAME)";
				SWIFT_EMIT_LOC_STRINGS = NO;
				TEST_HOST = "$(BUILT_PRODUCTS_DIR)/MacSmoov.app/Contents/MacOS/MacSmoov";
			};
			name = Debug;
		};
		9DB7A14E29D7949F002E6F4E /* Release */ = {
			isa = XCBuildConfiguration;
			buildSettings = {
				BUNDLE_LOADER = "$(TEST_HOST)";
				CODE_SIGN_STYLE = Automatic;
				CURRENT_PROJECT_VERSION = 237;
				GENERATE_INFOPLIST_FILE = YES;
				MACOSX_DEPLOYMENT_TARGET = 11.6;
				MARKETING_VERSION = 1.0;
				PRODUCT_BUNDLE_IDENTIFIER = com.tonekids.osx.MacSmoovTests;
				PRODUCT_NAME = "$(TARGET_NAME)";
				SWIFT_EMIT_LOC_STRINGS = NO;
				TEST_HOST = "$(BUILT_PRODUCTS_DIR)/MacSmoov.app/Contents/MacOS/MacSmoov";
			};
			name = Release;
		};
		9DB7A15029D7949F002E6F4E /* Debug */ = {
			isa = XCBuildConfiguration;
			buildSettings = {
				CODE_SIGN_STYLE = Automatic;
				CURRENT_PROJECT_VERSION = 237;
				GENERATE_INFOPLIST_FILE = YES;
				MARKETING_VERSION = 1.0;
				PRODUCT_BUNDLE_IDENTIFIER = com.tonekids.osx.MacSmoovUITests;
				PRODUCT_NAME = "$(TARGET_NAME)";
				SWIFT_EMIT_LOC_STRINGS = NO;
				TEST_TARGET_NAME = MacSmoov;
			};
			name = Debug;
		};
		9DB7A15129D7949F002E6F4E /* Release */ = {
			isa = XCBuildConfiguration;
			buildSettings = {
				CODE_SIGN_STYLE = Automatic;
				CURRENT_PROJECT_VERSION = 237;
				GENERATE_INFOPLIST_FILE = YES;
				MARKETING_VERSION = 1.0;
				PRODUCT_BUNDLE_IDENTIFIER = com.tonekids.osx.MacSmoovUITests;
				PRODUCT_NAME = "$(TARGET_NAME)";
				SWIFT_EMIT_LOC_STRINGS = NO;
				TEST_TARGET_NAME = MacSmoov;
			};
			name = Release;
		};
/* End XCBuildConfiguration section */

/* Begin XCConfigurationList section */
		9DB7A11E29D7949D002E6F4E /* Build configuration list for PBXProject "MacSmoov" */ = {
			isa = XCConfigurationList;
			buildConfigurations = (
				9DB7A14729D7949F002E6F4E /* Debug */,
				9DB7A14829D7949F002E6F4E /* Release */,
			);
			defaultConfigurationIsVisible = 0;
			defaultConfigurationName = Release;
		};
		9DB7A14929D7949F002E6F4E /* Build configuration list for PBXNativeTarget "MacSmoov" */ = {
			isa = XCConfigurationList;
			buildConfigurations = (
				9DB7A14A29D7949F002E6F4E /* Debug */,
				9DB7A14B29D7949F002E6F4E /* Release */,
			);
			defaultConfigurationIsVisible = 0;
			defaultConfigurationName = Release;
		};
		9DB7A14C29D7949F002E6F4E /* Build configuration list for PBXNativeTarget "MacSmoovTests" */ = {
			isa = XCConfigurationList;
			buildConfigurations = (
				9DB7A14D29D7949F002E6F4E /* Debug */,
				9DB7A14E29D7949F002E6F4E /* Release */,
			);
			defaultConfigurationIsVisible = 0;
			defaultConfigurationName = Release;
		};
		9DB7A14F29D7949F002E6F4E /* Build configuration list for PBXNativeTarget "MacSmoovUITests" */ = {
			isa = XCConfigurationList;
			buildConfigurations = (
				9DB7A15029D7949F002E6F4E /* Debug */,
				9DB7A15129D7949F002E6F4E /* Release */,
			);
			defaultConfigurationIsVisible = 0;
			defaultConfigurationName = Release;
		};
/* End XCConfigurationList section */
	};
	rootObject = 9DB7A11B29D7949D002E6F4E /* Project object */;
}
